// !$*UTF8*$!
{
	archiveVersion = 1;
	classes = {
	};
	objectVersion = 60;
	objects = {

/* Begin PBXBuildFile section */
		2A047BCF2AB5084F00492C0A /* BackgroundOverlay.swift in Sources */ = {isa = PBXBuildFile; fileRef = 2A047BCE2AB5084F00492C0A /* BackgroundOverlay.swift */; };
		2A047BD22AB661F900492C0A /* CollectionViewContent.swift in Sources */ = {isa = PBXBuildFile; fileRef = 2A047BD12AB661F900492C0A /* CollectionViewContent.swift */; };
		2A05DC9D2ABE3D2100C78FCF /* ScaleOnTapModifier.swift in Sources */ = {isa = PBXBuildFile; fileRef = 2A05DC9C2ABE3D2100C78FCF /* ScaleOnTapModifier.swift */; };
		2A05DCA02ABE3D6B00C78FCF /* TestMyViewModifiers.swift in Sources */ = {isa = PBXBuildFile; fileRef = 2A05DC9F2ABE3D6B00C78FCF /* TestMyViewModifiers.swift */; };
		2A05DCA22ABFAD2C00C78FCF /* GradientModifier.swift in Sources */ = {isa = PBXBuildFile; fileRef = 2A05DCA12ABFAD2C00C78FCF /* GradientModifier.swift */; };
		2A1E641D2AA35CF3004D4498 /* CounterApp.swift in Sources */ = {isa = PBXBuildFile; fileRef = 2A1E641C2AA35CF3004D4498 /* CounterApp.swift */; };
		2A3AE1E22A8DF2710024EDC0 /* URLSession+noCache.swift in Sources */ = {isa = PBXBuildFile; fileRef = 2A3AE1E12A8DF2710024EDC0 /* URLSession+noCache.swift */; };
		2A3AE1E82A8E614C0024EDC0 /* HapticFeedback.swift in Sources */ = {isa = PBXBuildFile; fileRef = 2A3AE1E72A8E614C0024EDC0 /* HapticFeedback.swift */; };
		2A3AE1EB2A8E618E0024EDC0 /* HapticTest.swift in Sources */ = {isa = PBXBuildFile; fileRef = 2A3AE1EA2A8E618E0024EDC0 /* HapticTest.swift */; };
		2A7875E6299D7264001450F6 /* WhatILearnedApp.swift in Sources */ = {isa = PBXBuildFile; fileRef = 2A7875E5299D7264001450F6 /* WhatILearnedApp.swift */; };
		2A7875E8299D7264001450F6 /* ContentView.swift in Sources */ = {isa = PBXBuildFile; fileRef = 2A7875E7299D7264001450F6 /* ContentView.swift */; };
		2A7875EA299D7265001450F6 /* Assets.xcassets in Resources */ = {isa = PBXBuildFile; fileRef = 2A7875E9299D7265001450F6 /* Assets.xcassets */; };
		2A7875EE299D7265001450F6 /* Preview Assets.xcassets in Resources */ = {isa = PBXBuildFile; fileRef = 2A7875ED299D7265001450F6 /* Preview Assets.xcassets */; };
		2A7875F8299D7265001450F6 /* WhatILearnedTests.swift in Sources */ = {isa = PBXBuildFile; fileRef = 2A7875F7299D7265001450F6 /* WhatILearnedTests.swift */; };
		2A787602299D7265001450F6 /* WhatILearnedUITests.swift in Sources */ = {isa = PBXBuildFile; fileRef = 2A787601299D7265001450F6 /* WhatILearnedUITests.swift */; };
		2A787604299D7265001450F6 /* WhatILearnedUITestsLaunchTests.swift in Sources */ = {isa = PBXBuildFile; fileRef = 2A787603299D7265001450F6 /* WhatILearnedUITestsLaunchTests.swift */; };
		2A8100222A8952820086B146 /* AddArticleView.swift in Sources */ = {isa = PBXBuildFile; fileRef = 2A8100212A8952820086B146 /* AddArticleView.swift */; };
		2A8100242A8C0B230086B146 /* AsyncAwaitRequest.swift in Sources */ = {isa = PBXBuildFile; fileRef = 2A8100232A8C0B230086B146 /* AsyncAwaitRequest.swift */; };
		2A8100272A8C0BD90086B146 /* RemoteFile.swift in Sources */ = {isa = PBXBuildFile; fileRef = 2A8100262A8C0BD90086B146 /* RemoteFile.swift */; };
		2A8100292A8C0BFB0086B146 /* Message.swift in Sources */ = {isa = PBXBuildFile; fileRef = 2A8100282A8C0BFB0086B146 /* Message.swift */; };
		2A9DED5B29AB7D200092D549 /* menu.json in Resources */ = {isa = PBXBuildFile; fileRef = 2A9DED5A29AB7D200092D549 /* menu.json */; };
		2A9DED5F29AB832C0092D549 /* Bundle+decode.swift in Sources */ = {isa = PBXBuildFile; fileRef = 2A9DED5E29AB832C0092D549 /* Bundle+decode.swift */; };
		2AAF654A2AAB684B00B86F64 /* ChartContainerView.swift in Sources */ = {isa = PBXBuildFile; fileRef = 2AAF65492AAB684B00B86F64 /* ChartContainerView.swift */; };
		2AAF654D2AAB68C100B86F64 /* ChartsViewModel.swift in Sources */ = {isa = PBXBuildFile; fileRef = 2AAF654C2AAB68C100B86F64 /* ChartsViewModel.swift */; };
		2AAF654F2AAB690900B86F64 /* ShapeColor.swift in Sources */ = {isa = PBXBuildFile; fileRef = 2AAF654E2AAB690900B86F64 /* ShapeColor.swift */; };
		2AAF65512AAB692A00B86F64 /* ChartDescribable.swift in Sources */ = {isa = PBXBuildFile; fileRef = 2AAF65502AAB692A00B86F64 /* ChartDescribable.swift */; };
		2AAF65542AAB696F00B86F64 /* ChartsView.swift in Sources */ = {isa = PBXBuildFile; fileRef = 2AAF65532AAB696F00B86F64 /* ChartsView.swift */; };
		2AAF65562AAB6DFA00B86F64 /* ControlsView.swift in Sources */ = {isa = PBXBuildFile; fileRef = 2AAF65552AAB6DFA00B86F64 /* ControlsView.swift */; };
		2AAF65582AAB75DD00B86F64 /* AxisType.swift in Sources */ = {isa = PBXBuildFile; fileRef = 2AAF65572AAB75DD00B86F64 /* AxisType.swift */; };
		2AAF655A2AAB761800B86F64 /* MarkType.swift in Sources */ = {isa = PBXBuildFile; fileRef = 2AAF65592AAB761800B86F64 /* MarkType.swift */; };
		2AAF655D2AACDE2500B86F64 /* Users.swift in Sources */ = {isa = PBXBuildFile; fileRef = 2AAF655C2AACDE2500B86F64 /* Users.swift */; };
		2AAF655F2AACDE4900B86F64 /* UserView.swift in Sources */ = {isa = PBXBuildFile; fileRef = 2AAF655E2AACDE4900B86F64 /* UserView.swift */; };
		2AAF65612AACE29F00B86F64 /* UsersView.swift in Sources */ = {isa = PBXBuildFile; fileRef = 2AAF65602AACE29F00B86F64 /* UsersView.swift */; };
		2AAF65632AACE2CB00B86F64 /* UsersViewModel.swift in Sources */ = {isa = PBXBuildFile; fileRef = 2AAF65622AACE2CB00B86F64 /* UsersViewModel.swift */; };
		2AAF65662AACE6C500B86F64 /* Alamofire in Frameworks */ = {isa = PBXBuildFile; productRef = 2AAF65652AACE6C500B86F64 /* Alamofire */; };
		2AAF65692AAF35EA00B86F64 /* Lottie in Frameworks */ = {isa = PBXBuildFile; productRef = 2AAF65682AAF35EA00B86F64 /* Lottie */; };
		2AAF656C2AAF376200B86F64 /* dancing.json in Resources */ = {isa = PBXBuildFile; fileRef = 2AAF656B2AAF376200B86F64 /* dancing.json */; };
		2AAF65702AAF37A000B86F64 /* LottieView.swift in Sources */ = {isa = PBXBuildFile; fileRef = 2AAF656F2AAF37A000B86F64 /* LottieView.swift */; };
		2AAF65732AAF3FFE00B86F64 /* PlaceholderView.swift in Sources */ = {isa = PBXBuildFile; fileRef = 2AAF65722AAF3FFE00B86F64 /* PlaceholderView.swift */; };
		2AAF65752AAF408800B86F64 /* ShimmeringView.swift in Sources */ = {isa = PBXBuildFile; fileRef = 2AAF65742AAF408800B86F64 /* ShimmeringView.swift */; };
		2AAF65772AAF475400B86F64 /* CollectionLoadingView.swift in Sources */ = {isa = PBXBuildFile; fileRef = 2AAF65762AAF475400B86F64 /* CollectionLoadingView.swift */; };
		2AAF657B2AAF47DD00B86F64 /* CollectionLoadingState.swift in Sources */ = {isa = PBXBuildFile; fileRef = 2AAF657A2AAF47DD00B86F64 /* CollectionLoadingState.swift */; };
		2AAF657D2AAF486800B86F64 /* ShimmerConfiguration.swift in Sources */ = {isa = PBXBuildFile; fileRef = 2AAF657C2AAF486800B86F64 /* ShimmerConfiguration.swift */; };
		2AAF657F2AAF48B600B86F64 /* View+shimmer.swift in Sources */ = {isa = PBXBuildFile; fileRef = 2AAF657E2AAF48B600B86F64 /* View+shimmer.swift */; };
		2AAF65812AAF48E600B86F64 /* ShimmerModifier.swift in Sources */ = {isa = PBXBuildFile; fileRef = 2AAF65802AAF48E600B86F64 /* ShimmerModifier.swift */; };
		2AAF65832AAF4CBB00B86F64 /* FakeNewsList.swift in Sources */ = {isa = PBXBuildFile; fileRef = 2AAF65822AAF4CBB00B86F64 /* FakeNewsList.swift */; };
		2AAF65852AAF4CD700B86F64 /* FakeNewsFeedView.swift in Sources */ = {isa = PBXBuildFile; fileRef = 2AAF65842AAF4CD700B86F64 /* FakeNewsFeedView.swift */; };
		2AAF65882AAF4D5D00B86F64 /* FakeNewsService.swift in Sources */ = {isa = PBXBuildFile; fileRef = 2AAF65872AAF4D5D00B86F64 /* FakeNewsService.swift */; };
		2AAF658A2AAF4D7E00B86F64 /* FakeNewsViewModel.swift in Sources */ = {isa = PBXBuildFile; fileRef = 2AAF65892AAF4D7E00B86F64 /* FakeNewsViewModel.swift */; };
		2AAF658C2AAF4DB100B86F64 /* MessageView.swift in Sources */ = {isa = PBXBuildFile; fileRef = 2AAF658B2AAF4DB100B86F64 /* MessageView.swift */; };
		2AAF658E2AAF4E7600B86F64 /* newsItems.json in Resources */ = {isa = PBXBuildFile; fileRef = 2AAF658D2AAF4E7600B86F64 /* newsItems.json */; };
		2AAF65922AAFA29F00B86F64 /* Continuation.swift in Sources */ = {isa = PBXBuildFile; fileRef = 2AAF65912AAFA29F00B86F64 /* Continuation.swift */; };
		2AB238AE2ABB81C0008979F6 /* SettingTabViewModel.swift in Sources */ = {isa = PBXBuildFile; fileRef = 2AB238AD2ABB81C0008979F6 /* SettingTabViewModel.swift */; };
		2AB238B42ABB8CBB008979F6 /* MyMacro in Frameworks */ = {isa = PBXBuildFile; productRef = 2AB238B32ABB8CBB008979F6 /* MyMacro */; };
		2AB238B62ABB8CBB008979F6 /* MyMacroClient in Frameworks */ = {isa = PBXBuildFile; productRef = 2AB238B52ABB8CBB008979F6 /* MyMacroClient */; };
		2AE0F5FA2A916F7D0001A30E /* FancyToastView.swift in Sources */ = {isa = PBXBuildFile; fileRef = 2AE0F5F92A916F7D0001A30E /* FancyToastView.swift */; };
		2AE0F5FC2A916FB20001A30E /* FancyToastStyle.swift in Sources */ = {isa = PBXBuildFile; fileRef = 2AE0F5FB2A916FB20001A30E /* FancyToastStyle.swift */; };
		2AE0F5FE2A9170540001A30E /* FancyToast.swift in Sources */ = {isa = PBXBuildFile; fileRef = 2AE0F5FD2A9170540001A30E /* FancyToast.swift */; };
		2AE0F6002A9172580001A30E /* FancyToastModifier.swift in Sources */ = {isa = PBXBuildFile; fileRef = 2AE0F5FF2A9172580001A30E /* FancyToastModifier.swift */; };
		2AE0F6022A91728D0001A30E /* View+toastView.swift in Sources */ = {isa = PBXBuildFile; fileRef = 2AE0F6012A91728D0001A30E /* View+toastView.swift */; };
		2AE0F6042A9172BE0001A30E /* ToastViewExample.swift in Sources */ = {isa = PBXBuildFile; fileRef = 2AE0F6032A9172BE0001A30E /* ToastViewExample.swift */; };
		2AE0F60F2A9958D40001A30E /* Localizable.strings in Resources */ = {isa = PBXBuildFile; fileRef = 2AE0F6112A9958D40001A30E /* Localizable.strings */; };
		2AE0F6172A9BF5750001A30E /* AppTabItem.swift in Sources */ = {isa = PBXBuildFile; fileRef = 2AE0F6162A9BF5750001A30E /* AppTabItem.swift */; };
		2AE0F6192A9BF5920001A30E /* AppDelegate.swift in Sources */ = {isa = PBXBuildFile; fileRef = 2AE0F6182A9BF5920001A30E /* AppDelegate.swift */; };
		2AE0F61C2A9BF8870001A30E /* CoordinatorModifier.swift in Sources */ = {isa = PBXBuildFile; fileRef = 2AE0F61B2A9BF8870001A30E /* CoordinatorModifier.swift */; };
		2AE0F61E2A9BF8AD0001A30E /* CoordinatorProtocol.swift in Sources */ = {isa = PBXBuildFile; fileRef = 2AE0F61D2A9BF8AD0001A30E /* CoordinatorProtocol.swift */; };
		2AE0F6232A9D3D480001A30E /* MapView.swift in Sources */ = {isa = PBXBuildFile; fileRef = 2AE0F6222A9D3D480001A30E /* MapView.swift */; };
		2AE0F6262A9F525D0001A30E /* PhotoPickerView.swift in Sources */ = {isa = PBXBuildFile; fileRef = 2AE0F6252A9F525D0001A30E /* PhotoPickerView.swift */; };
		2AE0F6292A9F558C0001A30E /* TestTabView.swift in Sources */ = {isa = PBXBuildFile; fileRef = 2AE0F6282A9F558C0001A30E /* TestTabView.swift */; };
		2AFA7A432A79280B0006BDDF /* ComposableArchitecture in Frameworks */ = {isa = PBXBuildFile; productRef = 2AFA7A422A79280B0006BDDF /* ComposableArchitecture */; };
		2AFA7A452A7AC1610006BDDF /* Colors.swift in Sources */ = {isa = PBXBuildFile; fileRef = 2AFA7A442A7AC1610006BDDF /* Colors.swift */; };
		2AFA7A492A7C31E80006BDDF /* SchemeType.swift in Sources */ = {isa = PBXBuildFile; fileRef = 2AFA7A482A7C31E80006BDDF /* SchemeType.swift */; };
		2AFA7A4F2A7D96560006BDDF /* MenuViewModel.swift in Sources */ = {isa = PBXBuildFile; fileRef = 2AFA7A4C2A7D96560006BDDF /* MenuViewModel.swift */; };
		2AFA7A502A7D96560006BDDF /* MenuView.swift in Sources */ = {isa = PBXBuildFile; fileRef = 2AFA7A4D2A7D96560006BDDF /* MenuView.swift */; };
		2AFA7A512A7D96560006BDDF /* MenuCoordinator.swift in Sources */ = {isa = PBXBuildFile; fileRef = 2AFA7A4E2A7D96560006BDDF /* MenuCoordinator.swift */; };
		2AFA7A552A7D966C0006BDDF /* AppView.swift in Sources */ = {isa = PBXBuildFile; fileRef = 2AFA7A532A7D966C0006BDDF /* AppView.swift */; };
		2AFA7A562A7D966C0006BDDF /* AppCoordinator.swift in Sources */ = {isa = PBXBuildFile; fileRef = 2AFA7A542A7D966C0006BDDF /* AppCoordinator.swift */; };
		2AFA7A582A7D969E0006BDDF /* NavigatorView.swift in Sources */ = {isa = PBXBuildFile; fileRef = 2AFA7A572A7D969E0006BDDF /* NavigatorView.swift */; };
		2AFA7A5B2A7D96D50006BDDF /* MenuItem.swift in Sources */ = {isa = PBXBuildFile; fileRef = 2AFA7A5A2A7D96D50006BDDF /* MenuItem.swift */; };
		2AFA7A5D2A7D99600006BDDF /* SettingTab.swift in Sources */ = {isa = PBXBuildFile; fileRef = 2AFA7A5C2A7D99600006BDDF /* SettingTab.swift */; };
		2AFA7A992A818E580006BDDF /* Person.swift in Sources */ = {isa = PBXBuildFile; fileRef = 2AFA7A982A818E580006BDDF /* Person.swift */; };
		2AFA7A9B2A818E740006BDDF /* Article.swift in Sources */ = {isa = PBXBuildFile; fileRef = 2AFA7A9A2A818E740006BDDF /* Article.swift */; };
		2AFA7A9E2A818EE80006BDDF /* ChrisNavigation.swift in Sources */ = {isa = PBXBuildFile; fileRef = 2AFA7A9D2A818EE70006BDDF /* ChrisNavigation.swift */; };
		2B242C5CE51532B87D02A275 /* Pods_WhatILearned_WhatILearnedUITests.framework in Frameworks */ = {isa = PBXBuildFile; fileRef = 07687C1A79A8B38A05BA9365 /* Pods_WhatILearned_WhatILearnedUITests.framework */; };
		3B09D2C1FB000FFD5A248169 /* Pods_WhatILearnedTests.framework in Frameworks */ = {isa = PBXBuildFile; fileRef = A395B16BABD98F5E70FC2056 /* Pods_WhatILearnedTests.framework */; };
		F100A27B9BF15FDD64DA5AA7 /* Pods_WhatILearned.framework in Frameworks */ = {isa = PBXBuildFile; fileRef = E0BAEE4548DC37CA211E1AA4 /* Pods_WhatILearned.framework */; };
/* End PBXBuildFile section */

/* Begin PBXContainerItemProxy section */
		2A7875F4299D7265001450F6 /* PBXContainerItemProxy */ = {
			isa = PBXContainerItemProxy;
			containerPortal = 2A7875DA299D7264001450F6 /* Project object */;
			proxyType = 1;
			remoteGlobalIDString = 2A7875E1299D7264001450F6;
			remoteInfo = WhatILearned;
		};
		2A7875FE299D7265001450F6 /* PBXContainerItemProxy */ = {
			isa = PBXContainerItemProxy;
			containerPortal = 2A7875DA299D7264001450F6 /* Project object */;
			proxyType = 1;
			remoteGlobalIDString = 2A7875E1299D7264001450F6;
			remoteInfo = WhatILearned;
		};
/* End PBXContainerItemProxy section */

/* Begin PBXFileReference section */
		02480B845C7DBFC72C6760DA /* Pods-WhatILearned.release.xcconfig */ = {isa = PBXFileReference; includeInIndex = 1; lastKnownFileType = text.xcconfig; name = "Pods-WhatILearned.release.xcconfig"; path = "Target Support Files/Pods-WhatILearned/Pods-WhatILearned.release.xcconfig"; sourceTree = "<group>"; };
		07687C1A79A8B38A05BA9365 /* Pods_WhatILearned_WhatILearnedUITests.framework */ = {isa = PBXFileReference; explicitFileType = wrapper.framework; includeInIndex = 0; path = Pods_WhatILearned_WhatILearnedUITests.framework; sourceTree = BUILT_PRODUCTS_DIR; };
		2A047BCE2AB5084F00492C0A /* BackgroundOverlay.swift */ = {isa = PBXFileReference; lastKnownFileType = sourcecode.swift; path = BackgroundOverlay.swift; sourceTree = "<group>"; };
		2A047BD12AB661F900492C0A /* CollectionViewContent.swift */ = {isa = PBXFileReference; lastKnownFileType = sourcecode.swift; path = CollectionViewContent.swift; sourceTree = "<group>"; };
		2A05DC9C2ABE3D2100C78FCF /* ScaleOnTapModifier.swift */ = {isa = PBXFileReference; lastKnownFileType = sourcecode.swift; path = ScaleOnTapModifier.swift; sourceTree = "<group>"; };
		2A05DC9F2ABE3D6B00C78FCF /* TestMyViewModifiers.swift */ = {isa = PBXFileReference; lastKnownFileType = sourcecode.swift; path = TestMyViewModifiers.swift; sourceTree = "<group>"; };
		2A05DCA12ABFAD2C00C78FCF /* GradientModifier.swift */ = {isa = PBXFileReference; lastKnownFileType = sourcecode.swift; path = GradientModifier.swift; sourceTree = "<group>"; };
		2A1E641C2AA35CF3004D4498 /* CounterApp.swift */ = {isa = PBXFileReference; lastKnownFileType = sourcecode.swift; path = CounterApp.swift; sourceTree = "<group>"; };
		2A3AE1E12A8DF2710024EDC0 /* URLSession+noCache.swift */ = {isa = PBXFileReference; lastKnownFileType = sourcecode.swift; path = "URLSession+noCache.swift"; sourceTree = "<group>"; };
		2A3AE1E72A8E614C0024EDC0 /* HapticFeedback.swift */ = {isa = PBXFileReference; lastKnownFileType = sourcecode.swift; path = HapticFeedback.swift; sourceTree = "<group>"; };
		2A3AE1EA2A8E618E0024EDC0 /* HapticTest.swift */ = {isa = PBXFileReference; lastKnownFileType = sourcecode.swift; path = HapticTest.swift; sourceTree = "<group>"; };
		2A7875E2299D7264001450F6 /* WhatILearned.app */ = {isa = PBXFileReference; explicitFileType = wrapper.application; includeInIndex = 0; path = WhatILearned.app; sourceTree = BUILT_PRODUCTS_DIR; };
		2A7875E5299D7264001450F6 /* WhatILearnedApp.swift */ = {isa = PBXFileReference; lastKnownFileType = sourcecode.swift; path = WhatILearnedApp.swift; sourceTree = "<group>"; };
		2A7875E7299D7264001450F6 /* ContentView.swift */ = {isa = PBXFileReference; lastKnownFileType = sourcecode.swift; path = ContentView.swift; sourceTree = "<group>"; };
		2A7875E9299D7265001450F6 /* Assets.xcassets */ = {isa = PBXFileReference; lastKnownFileType = folder.assetcatalog; path = Assets.xcassets; sourceTree = "<group>"; };
		2A7875EB299D7265001450F6 /* WhatILearned.entitlements */ = {isa = PBXFileReference; lastKnownFileType = text.plist.entitlements; path = WhatILearned.entitlements; sourceTree = "<group>"; };
		2A7875ED299D7265001450F6 /* Preview Assets.xcassets */ = {isa = PBXFileReference; lastKnownFileType = folder.assetcatalog; path = "Preview Assets.xcassets"; sourceTree = "<group>"; };
		2A7875F3299D7265001450F6 /* WhatILearnedTests.xctest */ = {isa = PBXFileReference; explicitFileType = wrapper.cfbundle; includeInIndex = 0; path = WhatILearnedTests.xctest; sourceTree = BUILT_PRODUCTS_DIR; };
		2A7875F7299D7265001450F6 /* WhatILearnedTests.swift */ = {isa = PBXFileReference; lastKnownFileType = sourcecode.swift; path = WhatILearnedTests.swift; sourceTree = "<group>"; };
		2A7875FD299D7265001450F6 /* WhatILearnedUITests.xctest */ = {isa = PBXFileReference; explicitFileType = wrapper.cfbundle; includeInIndex = 0; path = WhatILearnedUITests.xctest; sourceTree = BUILT_PRODUCTS_DIR; };
		2A787601299D7265001450F6 /* WhatILearnedUITests.swift */ = {isa = PBXFileReference; lastKnownFileType = sourcecode.swift; path = WhatILearnedUITests.swift; sourceTree = "<group>"; };
		2A787603299D7265001450F6 /* WhatILearnedUITestsLaunchTests.swift */ = {isa = PBXFileReference; lastKnownFileType = sourcecode.swift; path = WhatILearnedUITestsLaunchTests.swift; sourceTree = "<group>"; };
		2A8100212A8952820086B146 /* AddArticleView.swift */ = {isa = PBXFileReference; lastKnownFileType = sourcecode.swift; path = AddArticleView.swift; sourceTree = "<group>"; };
		2A8100232A8C0B230086B146 /* AsyncAwaitRequest.swift */ = {isa = PBXFileReference; lastKnownFileType = sourcecode.swift; path = AsyncAwaitRequest.swift; sourceTree = "<group>"; };
		2A8100262A8C0BD90086B146 /* RemoteFile.swift */ = {isa = PBXFileReference; lastKnownFileType = sourcecode.swift; path = RemoteFile.swift; sourceTree = "<group>"; };
		2A8100282A8C0BFB0086B146 /* Message.swift */ = {isa = PBXFileReference; lastKnownFileType = sourcecode.swift; path = Message.swift; sourceTree = "<group>"; };
		2A9DED5A29AB7D200092D549 /* menu.json */ = {isa = PBXFileReference; fileEncoding = 4; lastKnownFileType = text.json; path = menu.json; sourceTree = "<group>"; };
		2A9DED5E29AB832C0092D549 /* Bundle+decode.swift */ = {isa = PBXFileReference; lastKnownFileType = sourcecode.swift; path = "Bundle+decode.swift"; sourceTree = "<group>"; };
		2AAF65492AAB684B00B86F64 /* ChartContainerView.swift */ = {isa = PBXFileReference; lastKnownFileType = sourcecode.swift; path = ChartContainerView.swift; sourceTree = "<group>"; };
		2AAF654C2AAB68C100B86F64 /* ChartsViewModel.swift */ = {isa = PBXFileReference; lastKnownFileType = sourcecode.swift; path = ChartsViewModel.swift; sourceTree = "<group>"; };
		2AAF654E2AAB690900B86F64 /* ShapeColor.swift */ = {isa = PBXFileReference; lastKnownFileType = sourcecode.swift; path = ShapeColor.swift; sourceTree = "<group>"; };
		2AAF65502AAB692A00B86F64 /* ChartDescribable.swift */ = {isa = PBXFileReference; lastKnownFileType = sourcecode.swift; path = ChartDescribable.swift; sourceTree = "<group>"; };
		2AAF65532AAB696F00B86F64 /* ChartsView.swift */ = {isa = PBXFileReference; lastKnownFileType = sourcecode.swift; path = ChartsView.swift; sourceTree = "<group>"; };
		2AAF65552AAB6DFA00B86F64 /* ControlsView.swift */ = {isa = PBXFileReference; lastKnownFileType = sourcecode.swift; path = ControlsView.swift; sourceTree = "<group>"; };
		2AAF65572AAB75DD00B86F64 /* AxisType.swift */ = {isa = PBXFileReference; lastKnownFileType = sourcecode.swift; path = AxisType.swift; sourceTree = "<group>"; };
		2AAF65592AAB761800B86F64 /* MarkType.swift */ = {isa = PBXFileReference; lastKnownFileType = sourcecode.swift; path = MarkType.swift; sourceTree = "<group>"; };
		2AAF655C2AACDE2500B86F64 /* Users.swift */ = {isa = PBXFileReference; lastKnownFileType = sourcecode.swift; path = Users.swift; sourceTree = "<group>"; };
		2AAF655E2AACDE4900B86F64 /* UserView.swift */ = {isa = PBXFileReference; lastKnownFileType = sourcecode.swift; path = UserView.swift; sourceTree = "<group>"; };
		2AAF65602AACE29F00B86F64 /* UsersView.swift */ = {isa = PBXFileReference; lastKnownFileType = sourcecode.swift; path = UsersView.swift; sourceTree = "<group>"; };
		2AAF65622AACE2CB00B86F64 /* UsersViewModel.swift */ = {isa = PBXFileReference; lastKnownFileType = sourcecode.swift; path = UsersViewModel.swift; sourceTree = "<group>"; };
		2AAF656B2AAF376200B86F64 /* dancing.json */ = {isa = PBXFileReference; fileEncoding = 4; lastKnownFileType = text.json; path = dancing.json; sourceTree = "<group>"; };
		2AAF656F2AAF37A000B86F64 /* LottieView.swift */ = {isa = PBXFileReference; lastKnownFileType = sourcecode.swift; path = LottieView.swift; sourceTree = "<group>"; };
		2AAF65722AAF3FFE00B86F64 /* PlaceholderView.swift */ = {isa = PBXFileReference; lastKnownFileType = sourcecode.swift; path = PlaceholderView.swift; sourceTree = "<group>"; };
		2AAF65742AAF408800B86F64 /* ShimmeringView.swift */ = {isa = PBXFileReference; lastKnownFileType = sourcecode.swift; path = ShimmeringView.swift; sourceTree = "<group>"; };
		2AAF65762AAF475400B86F64 /* CollectionLoadingView.swift */ = {isa = PBXFileReference; lastKnownFileType = sourcecode.swift; path = CollectionLoadingView.swift; sourceTree = "<group>"; };
		2AAF657A2AAF47DD00B86F64 /* CollectionLoadingState.swift */ = {isa = PBXFileReference; lastKnownFileType = sourcecode.swift; path = CollectionLoadingState.swift; sourceTree = "<group>"; };
		2AAF657C2AAF486800B86F64 /* ShimmerConfiguration.swift */ = {isa = PBXFileReference; lastKnownFileType = sourcecode.swift; path = ShimmerConfiguration.swift; sourceTree = "<group>"; };
		2AAF657E2AAF48B600B86F64 /* View+shimmer.swift */ = {isa = PBXFileReference; lastKnownFileType = sourcecode.swift; path = "View+shimmer.swift"; sourceTree = "<group>"; };
		2AAF65802AAF48E600B86F64 /* ShimmerModifier.swift */ = {isa = PBXFileReference; lastKnownFileType = sourcecode.swift; path = ShimmerModifier.swift; sourceTree = "<group>"; };
		2AAF65822AAF4CBB00B86F64 /* FakeNewsList.swift */ = {isa = PBXFileReference; lastKnownFileType = sourcecode.swift; path = FakeNewsList.swift; sourceTree = "<group>"; };
		2AAF65842AAF4CD700B86F64 /* FakeNewsFeedView.swift */ = {isa = PBXFileReference; lastKnownFileType = sourcecode.swift; path = FakeNewsFeedView.swift; sourceTree = "<group>"; };
		2AAF65872AAF4D5D00B86F64 /* FakeNewsService.swift */ = {isa = PBXFileReference; lastKnownFileType = sourcecode.swift; path = FakeNewsService.swift; sourceTree = "<group>"; };
		2AAF65892AAF4D7E00B86F64 /* FakeNewsViewModel.swift */ = {isa = PBXFileReference; lastKnownFileType = sourcecode.swift; path = FakeNewsViewModel.swift; sourceTree = "<group>"; };
		2AAF658B2AAF4DB100B86F64 /* MessageView.swift */ = {isa = PBXFileReference; lastKnownFileType = sourcecode.swift; path = MessageView.swift; sourceTree = "<group>"; };
		2AAF658D2AAF4E7600B86F64 /* newsItems.json */ = {isa = PBXFileReference; fileEncoding = 4; lastKnownFileType = text.json; path = newsItems.json; sourceTree = "<group>"; };
		2AAF65912AAFA29F00B86F64 /* Continuation.swift */ = {isa = PBXFileReference; lastKnownFileType = sourcecode.swift; path = Continuation.swift; sourceTree = "<group>"; };
		2AB238AD2ABB81C0008979F6 /* SettingTabViewModel.swift */ = {isa = PBXFileReference; fileEncoding = 4; lastKnownFileType = sourcecode.swift; path = SettingTabViewModel.swift; sourceTree = "<group>"; };
		2AB238B22ABB8C94008979F6 /* MyMacro */ = {isa = PBXFileReference; lastKnownFileType = text; path = MyMacro; sourceTree = SOURCE_ROOT; };
		2AE0F5F92A916F7D0001A30E /* FancyToastView.swift */ = {isa = PBXFileReference; lastKnownFileType = sourcecode.swift; path = FancyToastView.swift; sourceTree = "<group>"; };
		2AE0F5FB2A916FB20001A30E /* FancyToastStyle.swift */ = {isa = PBXFileReference; lastKnownFileType = sourcecode.swift; path = FancyToastStyle.swift; sourceTree = "<group>"; };
		2AE0F5FD2A9170540001A30E /* FancyToast.swift */ = {isa = PBXFileReference; lastKnownFileType = sourcecode.swift; path = FancyToast.swift; sourceTree = "<group>"; };
		2AE0F5FF2A9172580001A30E /* FancyToastModifier.swift */ = {isa = PBXFileReference; lastKnownFileType = sourcecode.swift; path = FancyToastModifier.swift; sourceTree = "<group>"; };
		2AE0F6012A91728D0001A30E /* View+toastView.swift */ = {isa = PBXFileReference; lastKnownFileType = sourcecode.swift; path = "View+toastView.swift"; sourceTree = "<group>"; };
		2AE0F6032A9172BE0001A30E /* ToastViewExample.swift */ = {isa = PBXFileReference; lastKnownFileType = sourcecode.swift; path = ToastViewExample.swift; sourceTree = "<group>"; };
		2AE0F6052A940D9C0001A30E /* Info.plist */ = {isa = PBXFileReference; lastKnownFileType = text.plist.xml; path = Info.plist; sourceTree = "<group>"; };
		2AE0F6102A9958D40001A30E /* de */ = {isa = PBXFileReference; lastKnownFileType = text.plist.strings; name = de; path = de.lproj/Localizable.strings; sourceTree = "<group>"; };
		2AE0F6152A995A680001A30E /* en */ = {isa = PBXFileReference; lastKnownFileType = text.plist.strings; name = en; path = en.lproj/Localizable.strings; sourceTree = "<group>"; };
		2AE0F6162A9BF5750001A30E /* AppTabItem.swift */ = {isa = PBXFileReference; lastKnownFileType = sourcecode.swift; path = AppTabItem.swift; sourceTree = "<group>"; };
		2AE0F6182A9BF5920001A30E /* AppDelegate.swift */ = {isa = PBXFileReference; lastKnownFileType = sourcecode.swift; path = AppDelegate.swift; sourceTree = "<group>"; };
		2AE0F61B2A9BF8870001A30E /* CoordinatorModifier.swift */ = {isa = PBXFileReference; lastKnownFileType = sourcecode.swift; path = CoordinatorModifier.swift; sourceTree = "<group>"; };
		2AE0F61D2A9BF8AD0001A30E /* CoordinatorProtocol.swift */ = {isa = PBXFileReference; lastKnownFileType = sourcecode.swift; path = CoordinatorProtocol.swift; sourceTree = "<group>"; };
		2AE0F6222A9D3D480001A30E /* MapView.swift */ = {isa = PBXFileReference; lastKnownFileType = sourcecode.swift; path = MapView.swift; sourceTree = "<group>"; };
		2AE0F6252A9F525D0001A30E /* PhotoPickerView.swift */ = {isa = PBXFileReference; lastKnownFileType = sourcecode.swift; path = PhotoPickerView.swift; sourceTree = "<group>"; };
		2AE0F6282A9F558C0001A30E /* TestTabView.swift */ = {isa = PBXFileReference; lastKnownFileType = sourcecode.swift; path = TestTabView.swift; sourceTree = "<group>"; };
		2AFA7A442A7AC1610006BDDF /* Colors.swift */ = {isa = PBXFileReference; lastKnownFileType = sourcecode.swift; path = Colors.swift; sourceTree = "<group>"; };
		2AFA7A482A7C31E80006BDDF /* SchemeType.swift */ = {isa = PBXFileReference; lastKnownFileType = sourcecode.swift; path = SchemeType.swift; sourceTree = "<group>"; };
		2AFA7A4C2A7D96560006BDDF /* MenuViewModel.swift */ = {isa = PBXFileReference; fileEncoding = 4; lastKnownFileType = sourcecode.swift; name = MenuViewModel.swift; path = UI/Menu/MenuViewModel.swift; sourceTree = "<group>"; };
		2AFA7A4D2A7D96560006BDDF /* MenuView.swift */ = {isa = PBXFileReference; fileEncoding = 4; lastKnownFileType = sourcecode.swift; name = MenuView.swift; path = UI/Menu/MenuView.swift; sourceTree = "<group>"; };
		2AFA7A4E2A7D96560006BDDF /* MenuCoordinator.swift */ = {isa = PBXFileReference; fileEncoding = 4; lastKnownFileType = sourcecode.swift; name = MenuCoordinator.swift; path = UI/Menu/MenuCoordinator.swift; sourceTree = "<group>"; };
		2AFA7A532A7D966C0006BDDF /* AppView.swift */ = {isa = PBXFileReference; fileEncoding = 4; lastKnownFileType = sourcecode.swift; name = AppView.swift; path = UI/Home/AppView.swift; sourceTree = "<group>"; };
		2AFA7A542A7D966C0006BDDF /* AppCoordinator.swift */ = {isa = PBXFileReference; fileEncoding = 4; lastKnownFileType = sourcecode.swift; name = AppCoordinator.swift; path = UI/Home/AppCoordinator.swift; sourceTree = "<group>"; };
		2AFA7A572A7D969E0006BDDF /* NavigatorView.swift */ = {isa = PBXFileReference; fileEncoding = 4; lastKnownFileType = sourcecode.swift; path = NavigatorView.swift; sourceTree = "<group>"; };
		2AFA7A5A2A7D96D50006BDDF /* MenuItem.swift */ = {isa = PBXFileReference; fileEncoding = 4; lastKnownFileType = sourcecode.swift; name = MenuItem.swift; path = Models/MenuItem.swift; sourceTree = "<group>"; };
		2AFA7A5C2A7D99600006BDDF /* SettingTab.swift */ = {isa = PBXFileReference; lastKnownFileType = sourcecode.swift; path = SettingTab.swift; sourceTree = "<group>"; };
		2AFA7A982A818E580006BDDF /* Person.swift */ = {isa = PBXFileReference; lastKnownFileType = sourcecode.swift; path = Person.swift; sourceTree = "<group>"; };
		2AFA7A9A2A818E740006BDDF /* Article.swift */ = {isa = PBXFileReference; lastKnownFileType = sourcecode.swift; path = Article.swift; sourceTree = "<group>"; };
		2AFA7A9D2A818EE70006BDDF /* ChrisNavigation.swift */ = {isa = PBXFileReference; lastKnownFileType = sourcecode.swift; path = ChrisNavigation.swift; sourceTree = "<group>"; };
		703FCBC88B3876BF71F38400 /* Pods-WhatILearned.debug.xcconfig */ = {isa = PBXFileReference; includeInIndex = 1; lastKnownFileType = text.xcconfig; name = "Pods-WhatILearned.debug.xcconfig"; path = "Target Support Files/Pods-WhatILearned/Pods-WhatILearned.debug.xcconfig"; sourceTree = "<group>"; };
		85BE3A862777F35DA5E323B9 /* Pods-WhatILearnedTests.release.xcconfig */ = {isa = PBXFileReference; includeInIndex = 1; lastKnownFileType = text.xcconfig; name = "Pods-WhatILearnedTests.release.xcconfig"; path = "Target Support Files/Pods-WhatILearnedTests/Pods-WhatILearnedTests.release.xcconfig"; sourceTree = "<group>"; };
		A0FF8219A5592B1A6D8E8807 /* Pods-WhatILearned-WhatILearnedUITests.debug.xcconfig */ = {isa = PBXFileReference; includeInIndex = 1; lastKnownFileType = text.xcconfig; name = "Pods-WhatILearned-WhatILearnedUITests.debug.xcconfig"; path = "Target Support Files/Pods-WhatILearned-WhatILearnedUITests/Pods-WhatILearned-WhatILearnedUITests.debug.xcconfig"; sourceTree = "<group>"; };
		A395B16BABD98F5E70FC2056 /* Pods_WhatILearnedTests.framework */ = {isa = PBXFileReference; explicitFileType = wrapper.framework; includeInIndex = 0; path = Pods_WhatILearnedTests.framework; sourceTree = BUILT_PRODUCTS_DIR; };
		C0A11989C5BF73BCB90F901A /* Pods-WhatILearned-WhatILearnedUITests.release.xcconfig */ = {isa = PBXFileReference; includeInIndex = 1; lastKnownFileType = text.xcconfig; name = "Pods-WhatILearned-WhatILearnedUITests.release.xcconfig"; path = "Target Support Files/Pods-WhatILearned-WhatILearnedUITests/Pods-WhatILearned-WhatILearnedUITests.release.xcconfig"; sourceTree = "<group>"; };
		E0BAEE4548DC37CA211E1AA4 /* Pods_WhatILearned.framework */ = {isa = PBXFileReference; explicitFileType = wrapper.framework; includeInIndex = 0; path = Pods_WhatILearned.framework; sourceTree = BUILT_PRODUCTS_DIR; };
		E3FC937516220251FDC989C2 /* Pods-WhatILearnedTests.debug.xcconfig */ = {isa = PBXFileReference; includeInIndex = 1; lastKnownFileType = text.xcconfig; name = "Pods-WhatILearnedTests.debug.xcconfig"; path = "Target Support Files/Pods-WhatILearnedTests/Pods-WhatILearnedTests.debug.xcconfig"; sourceTree = "<group>"; };
/* End PBXFileReference section */

/* Begin PBXFrameworksBuildPhase section */
		2A7875DF299D7264001450F6 /* Frameworks */ = {
			isa = PBXFrameworksBuildPhase;
			buildActionMask = 2147483647;
			files = (
				2AB238B62ABB8CBB008979F6 /* MyMacroClient in Frameworks */,
				2AAF65662AACE6C500B86F64 /* Alamofire in Frameworks */,
				2AFA7A432A79280B0006BDDF /* ComposableArchitecture in Frameworks */,
				2AB238B42ABB8CBB008979F6 /* MyMacro in Frameworks */,
				F100A27B9BF15FDD64DA5AA7 /* Pods_WhatILearned.framework in Frameworks */,
				2AAF65692AAF35EA00B86F64 /* Lottie in Frameworks */,
			);
			runOnlyForDeploymentPostprocessing = 0;
		};
		2A7875F0299D7265001450F6 /* Frameworks */ = {
			isa = PBXFrameworksBuildPhase;
			buildActionMask = 2147483647;
			files = (
				3B09D2C1FB000FFD5A248169 /* Pods_WhatILearnedTests.framework in Frameworks */,
			);
			runOnlyForDeploymentPostprocessing = 0;
		};
		2A7875FA299D7265001450F6 /* Frameworks */ = {
			isa = PBXFrameworksBuildPhase;
			buildActionMask = 2147483647;
			files = (
				2B242C5CE51532B87D02A275 /* Pods_WhatILearned_WhatILearnedUITests.framework in Frameworks */,
			);
			runOnlyForDeploymentPostprocessing = 0;
		};
/* End PBXFrameworksBuildPhase section */

/* Begin PBXGroup section */
		2A047BCD2AB5082A00492C0A /* Overlay */ = {
			isa = PBXGroup;
			children = (
				2A047BCE2AB5084F00492C0A /* BackgroundOverlay.swift */,
			);
			path = Overlay;
			sourceTree = "<group>";
		};
		2A047BD02AB661DD00492C0A /* CollectionView */ = {
			isa = PBXGroup;
			children = (
				2A047BD12AB661F900492C0A /* CollectionViewContent.swift */,
			);
			path = CollectionView;
			sourceTree = "<group>";
		};
		2A047BD32AB6B5AB00492C0A /* SwiftUI */ = {
			isa = PBXGroup;
			children = (
				2A3AE1E92A8E61780024EDC0 /* HapticTest */,
				2AE0F5F82A916F730001A30E /* Toast */,
				2AAF65482AAB67BF00B86F64 /* Charts */,
				2AAF65712AAF3FEE00B86F64 /* Shimmer Effect */,
				2A047BCD2AB5082A00492C0A /* Overlay */,
				2A047BD02AB661DD00492C0A /* CollectionView */,
				2AE0F6272A9F556F0001A30E /* TabView */,
			);
			path = SwiftUI;
			sourceTree = "<group>";
		};
		2A05DC9B2ABE3D1000C78FCF /* ViewModifiers */ = {
			isa = PBXGroup;
			children = (
				2A05DC9C2ABE3D2100C78FCF /* ScaleOnTapModifier.swift */,
				2A05DCA12ABFAD2C00C78FCF /* GradientModifier.swift */,
			);
			path = ViewModifiers;
			sourceTree = "<group>";
		};
		2A05DC9E2ABE3D5400C78FCF /* TestMyViewModifiers */ = {
			isa = PBXGroup;
			children = (
				2A05DC9F2ABE3D6B00C78FCF /* TestMyViewModifiers.swift */,
			);
			path = TestMyViewModifiers;
			sourceTree = "<group>";
		};
		2A1E641A2AA352CC004D4498 /* Pointfree */ = {
			isa = PBXGroup;
			children = (
				2A1E641B2AA352E1004D4498 /* TourArch1 */,
			);
			path = Pointfree;
			sourceTree = "<group>";
		};
		2A1E641B2AA352E1004D4498 /* TourArch1 */ = {
			isa = PBXGroup;
			children = (
				2A1E641C2AA35CF3004D4498 /* CounterApp.swift */,
			);
			path = TourArch1;
			sourceTree = "<group>";
		};
		2A3AE1E02A8DF1580024EDC0 /* ApiRequest */ = {
			isa = PBXGroup;
			children = (
				2A8100252A8C0BC80086B146 /* AsyncAwaitRequest */,
			);
			path = ApiRequest;
			sourceTree = "<group>";
		};
		2A3AE1E32A8DF3410024EDC0 /* SignInWithApple */ = {
			isa = PBXGroup;
			children = (
				2A8100212A8952820086B146 /* AddArticleView.swift */,
			);
			path = SignInWithApple;
			sourceTree = "<group>";
		};
		2A3AE1E42A8DF3B10024EDC0 /* Navigation */ = {
			isa = PBXGroup;
			children = (
				2AFA7A962A818E120006BDDF /* ChrisNavigation */,
			);
			path = Navigation;
			sourceTree = "<group>";
		};
		2A3AE1E52A8E61350024EDC0 /* Helpers */ = {
			isa = PBXGroup;
			children = (
				2A3AE1E72A8E614C0024EDC0 /* HapticFeedback.swift */,
			);
			path = Helpers;
			sourceTree = "<group>";
		};
		2A3AE1E92A8E61780024EDC0 /* HapticTest */ = {
			isa = PBXGroup;
			children = (
				2A3AE1EA2A8E618E0024EDC0 /* HapticTest.swift */,
			);
			path = HapticTest;
			sourceTree = "<group>";
		};
		2A7875D9299D7264001450F6 = {
			isa = PBXGroup;
			children = (
				2A7875E4299D7264001450F6 /* WhatILearned */,
				2A7875F6299D7265001450F6 /* WhatILearnedTests */,
				2A787600299D7265001450F6 /* WhatILearnedUITests */,
				2A7875E3299D7264001450F6 /* Products */,
				62D056051DF08EEB6BC37EAA /* Pods */,
				3F344F2485208F08C705DC75 /* Frameworks */,
			);
			sourceTree = "<group>";
		};
		2A7875E3299D7264001450F6 /* Products */ = {
			isa = PBXGroup;
			children = (
				2A7875E2299D7264001450F6 /* WhatILearned.app */,
				2A7875F3299D7265001450F6 /* WhatILearnedTests.xctest */,
				2A7875FD299D7265001450F6 /* WhatILearnedUITests.xctest */,
			);
			name = Products;
			sourceTree = "<group>";
		};
		2A7875E4299D7264001450F6 /* WhatILearned */ = {
			isa = PBXGroup;
			children = (
				2AB238B22ABB8C94008979F6 /* MyMacro */,
				2AE0F6052A940D9C0001A30E /* Info.plist */,
				2AFA7AA02A818FBC0006BDDF /* Shared */,
				2AFA7A9F2A818F820006BDDF /* Projects */,
				2AFA7A4A2A7D963F0006BDDF /* Tabs */,
				2A7875E7299D7264001450F6 /* ContentView.swift */,
				2A7875EB299D7265001450F6 /* WhatILearned.entitlements */,
				2A7875EC299D7265001450F6 /* Preview Content */,
			);
			path = WhatILearned;
			sourceTree = "<group>";
		};
		2A7875EC299D7265001450F6 /* Preview Content */ = {
			isa = PBXGroup;
			children = (
				2A7875ED299D7265001450F6 /* Preview Assets.xcassets */,
			);
			path = "Preview Content";
			sourceTree = "<group>";
		};
		2A7875F6299D7265001450F6 /* WhatILearnedTests */ = {
			isa = PBXGroup;
			children = (
				2A7875F7299D7265001450F6 /* WhatILearnedTests.swift */,
			);
			path = WhatILearnedTests;
			sourceTree = "<group>";
		};
		2A787600299D7265001450F6 /* WhatILearnedUITests */ = {
			isa = PBXGroup;
			children = (
				2A787601299D7265001450F6 /* WhatILearnedUITests.swift */,
				2A787603299D7265001450F6 /* WhatILearnedUITestsLaunchTests.swift */,
			);
			path = WhatILearnedUITests;
			sourceTree = "<group>";
		};
		2A8100252A8C0BC80086B146 /* AsyncAwaitRequest */ = {
			isa = PBXGroup;
			children = (
				2A8100232A8C0B230086B146 /* AsyncAwaitRequest.swift */,
				2A8100262A8C0BD90086B146 /* RemoteFile.swift */,
				2A8100282A8C0BFB0086B146 /* Message.swift */,
				2A3AE1E12A8DF2710024EDC0 /* URLSession+noCache.swift */,
			);
			name = AsyncAwaitRequest;
			path = ../..;
			sourceTree = "<group>";
		};
		2A9DED6029AB834F0092D549 /* Extension */ = {
			isa = PBXGroup;
			children = (
				2A9DED5E29AB832C0092D549 /* Bundle+decode.swift */,
			);
			path = Extension;
			sourceTree = "<group>";
		};
		2A9DED6129AB83640092D549 /* Assets */ = {
			isa = PBXGroup;
			children = (
				2AAF656D2AAF377C00B86F64 /* Lottie */,
				2A7875E9299D7265001450F6 /* Assets.xcassets */,
				2A9DED5A29AB7D200092D549 /* menu.json */,
				2AFA7A442A7AC1610006BDDF /* Colors.swift */,
			);
			path = Assets;
			sourceTree = "<group>";
		};
		2AAF65482AAB67BF00B86F64 /* Charts */ = {
			isa = PBXGroup;
			children = (
				2AAF65532AAB696F00B86F64 /* ChartsView.swift */,
				2AAF654C2AAB68C100B86F64 /* ChartsViewModel.swift */,
				2AAF65522AAB696500B86F64 /* SubViews */,
				2AAF654B2AAB68B800B86F64 /* Types */,
			);
			path = Charts;
			sourceTree = "<group>";
		};
		2AAF654B2AAB68B800B86F64 /* Types */ = {
			isa = PBXGroup;
			children = (
				2AAF654E2AAB690900B86F64 /* ShapeColor.swift */,
				2AAF65502AAB692A00B86F64 /* ChartDescribable.swift */,
				2AAF65572AAB75DD00B86F64 /* AxisType.swift */,
				2AAF65592AAB761800B86F64 /* MarkType.swift */,
			);
			path = Types;
			sourceTree = "<group>";
		};
		2AAF65522AAB696500B86F64 /* SubViews */ = {
			isa = PBXGroup;
			children = (
				2AAF65492AAB684B00B86F64 /* ChartContainerView.swift */,
				2AAF65552AAB6DFA00B86F64 /* ControlsView.swift */,
			);
			path = SubViews;
			sourceTree = "<group>";
		};
		2AAF655B2AACDD9D00B86F64 /* Pagination */ = {
			isa = PBXGroup;
			children = (
				2AAF655C2AACDE2500B86F64 /* Users.swift */,
				2AAF655E2AACDE4900B86F64 /* UserView.swift */,
				2AAF65602AACE29F00B86F64 /* UsersView.swift */,
				2AAF65622AACE2CB00B86F64 /* UsersViewModel.swift */,
			);
			path = Pagination;
			sourceTree = "<group>";
		};
		2AAF656A2AAF35F500B86F64 /* Lottie */ = {
			isa = PBXGroup;
			children = (
				2AAF656F2AAF37A000B86F64 /* LottieView.swift */,
			);
			path = Lottie;
			sourceTree = "<group>";
		};
		2AAF656D2AAF377C00B86F64 /* Lottie */ = {
			isa = PBXGroup;
			children = (
				2AAF656B2AAF376200B86F64 /* dancing.json */,
			);
			path = Lottie;
			sourceTree = "<group>";
		};
		2AAF65712AAF3FEE00B86F64 /* Shimmer Effect */ = {
			isa = PBXGroup;
			children = (
				2AAF65862AAF4D0A00B86F64 /* Shimmer Lib */,
				2AAF65792AAF47AA00B86F64 /* Simple */,
				2AAF65782AAF47A000B86F64 /* Advance */,
			);
			path = "Shimmer Effect";
			sourceTree = "<group>";
		};
		2AAF65782AAF47A000B86F64 /* Advance */ = {
			isa = PBXGroup;
			children = (
				2AAF658D2AAF4E7600B86F64 /* newsItems.json */,
				2AAF65822AAF4CBB00B86F64 /* FakeNewsList.swift */,
				2AAF65842AAF4CD700B86F64 /* FakeNewsFeedView.swift */,
				2AAF65872AAF4D5D00B86F64 /* FakeNewsService.swift */,
				2AAF65892AAF4D7E00B86F64 /* FakeNewsViewModel.swift */,
				2AAF658B2AAF4DB100B86F64 /* MessageView.swift */,
			);
			path = Advance;
			sourceTree = "<group>";
		};
		2AAF65792AAF47AA00B86F64 /* Simple */ = {
			isa = PBXGroup;
			children = (
				2AAF65722AAF3FFE00B86F64 /* PlaceholderView.swift */,
				2AAF65742AAF408800B86F64 /* ShimmeringView.swift */,
				2AAF657E2AAF48B600B86F64 /* View+shimmer.swift */,
				2AAF65802AAF48E600B86F64 /* ShimmerModifier.swift */,
			);
			path = Simple;
			sourceTree = "<group>";
		};
		2AAF65862AAF4D0A00B86F64 /* Shimmer Lib */ = {
			isa = PBXGroup;
			children = (
				2AAF65762AAF475400B86F64 /* CollectionLoadingView.swift */,
				2AAF657C2AAF486800B86F64 /* ShimmerConfiguration.swift */,
				2AAF657A2AAF47DD00B86F64 /* CollectionLoadingState.swift */,
			);
			path = "Shimmer Lib";
			sourceTree = "<group>";
		};
		2AAF65902AAFA27900B86F64 /* AsyncAwait */ = {
			isa = PBXGroup;
			children = (
				2AAF65912AAFA29F00B86F64 /* Continuation.swift */,
			);
			path = AsyncAwait;
			sourceTree = "<group>";
		};
		2AE0F5F82A916F730001A30E /* Toast */ = {
			isa = PBXGroup;
			children = (
				2AE0F5F92A916F7D0001A30E /* FancyToastView.swift */,
				2AE0F5FB2A916FB20001A30E /* FancyToastStyle.swift */,
				2AE0F5FD2A9170540001A30E /* FancyToast.swift */,
				2AE0F5FF2A9172580001A30E /* FancyToastModifier.swift */,
				2AE0F6012A91728D0001A30E /* View+toastView.swift */,
				2AE0F6032A9172BE0001A30E /* ToastViewExample.swift */,
			);
			path = Toast;
			sourceTree = "<group>";
		};
		2AE0F60C2A9958940001A30E /* Supporting Files */ = {
			isa = PBXGroup;
			children = (
				2AE0F6112A9958D40001A30E /* Localizable.strings */,
			);
			path = "Supporting Files";
			sourceTree = "<group>";
		};
		2AE0F61A2A9BF8750001A30E /* Navigation */ = {
			isa = PBXGroup;
			children = (
				2AFA7A572A7D969E0006BDDF /* NavigatorView.swift */,
				2AE0F61B2A9BF8870001A30E /* CoordinatorModifier.swift */,
				2AE0F61D2A9BF8AD0001A30E /* CoordinatorProtocol.swift */,
			);
			path = Navigation;
			sourceTree = "<group>";
		};
		2AE0F6212A9D3D380001A30E /* Map */ = {
			isa = PBXGroup;
			children = (
				2AE0F6222A9D3D480001A30E /* MapView.swift */,
			);
			path = Map;
			sourceTree = "<group>";
		};
		2AE0F6242A9F52380001A30E /* PhotosPicker */ = {
			isa = PBXGroup;
			children = (
				2AE0F6252A9F525D0001A30E /* PhotoPickerView.swift */,
			);
			path = PhotosPicker;
			sourceTree = "<group>";
		};
		2AE0F6272A9F556F0001A30E /* TabView */ = {
			isa = PBXGroup;
			children = (
				2AE0F6282A9F558C0001A30E /* TestTabView.swift */,
			);
			path = TabView;
			sourceTree = "<group>";
		};
		2AFA7A4A2A7D963F0006BDDF /* Tabs */ = {
			isa = PBXGroup;
			children = (
				2AFA7A9C2A818E900006BDDF /* Setting */,
				2AFA7A4B2A7D96480006BDDF /* Menu */,
			);
			name = Tabs;
			sourceTree = "<group>";
		};
		2AFA7A4B2A7D96480006BDDF /* Menu */ = {
			isa = PBXGroup;
			children = (
				2AFA7A5A2A7D96D50006BDDF /* MenuItem.swift */,
				2AFA7A4E2A7D96560006BDDF /* MenuCoordinator.swift */,
				2AFA7A4D2A7D96560006BDDF /* MenuView.swift */,
				2AFA7A4C2A7D96560006BDDF /* MenuViewModel.swift */,
			);
			name = Menu;
			sourceTree = "<group>";
		};
		2AFA7A522A7D965A0006BDDF /* MainApp */ = {
			isa = PBXGroup;
			children = (
				2A7875E5299D7264001450F6 /* WhatILearnedApp.swift */,
				2AFA7A542A7D966C0006BDDF /* AppCoordinator.swift */,
				2AFA7A532A7D966C0006BDDF /* AppView.swift */,
				2AE0F6162A9BF5750001A30E /* AppTabItem.swift */,
				2AE0F6182A9BF5920001A30E /* AppDelegate.swift */,
			);
			name = MainApp;
			path = ..;
			sourceTree = "<group>";
		};
		2AFA7A962A818E120006BDDF /* ChrisNavigation */ = {
			isa = PBXGroup;
			children = (
				2AFA7A972A818E440006BDDF /* Models */,
				2AFA7A9D2A818EE70006BDDF /* ChrisNavigation.swift */,
			);
			path = ChrisNavigation;
			sourceTree = "<group>";
		};
		2AFA7A972A818E440006BDDF /* Models */ = {
			isa = PBXGroup;
			children = (
				2AFA7A982A818E580006BDDF /* Person.swift */,
				2AFA7A9A2A818E740006BDDF /* Article.swift */,
			);
			path = Models;
			sourceTree = "<group>";
		};
		2AFA7A9C2A818E900006BDDF /* Setting */ = {
			isa = PBXGroup;
			children = (
				2AB238AD2ABB81C0008979F6 /* SettingTabViewModel.swift */,
				2AFA7A5C2A7D99600006BDDF /* SettingTab.swift */,
			);
			name = Setting;
			sourceTree = "<group>";
		};
		2AFA7A9F2A818F820006BDDF /* Projects */ = {
			isa = PBXGroup;
			children = (
				2A05DC9E2ABE3D5400C78FCF /* TestMyViewModifiers */,
				2A047BD32AB6B5AB00492C0A /* SwiftUI */,
				2AAF65902AAFA27900B86F64 /* AsyncAwait */,
				2AAF656A2AAF35F500B86F64 /* Lottie */,
				2AAF655B2AACDD9D00B86F64 /* Pagination */,
				2A1E641A2AA352CC004D4498 /* Pointfree */,
				2AE0F6242A9F52380001A30E /* PhotosPicker */,
				2AE0F6212A9D3D380001A30E /* Map */,
				2A3AE1E42A8DF3B10024EDC0 /* Navigation */,
				2A3AE1E32A8DF3410024EDC0 /* SignInWithApple */,
				2A3AE1E02A8DF1580024EDC0 /* ApiRequest */,
			);
			path = Projects;
			sourceTree = "<group>";
		};
		2AFA7AA02A818FBC0006BDDF /* Shared */ = {
			isa = PBXGroup;
			children = (
				2A05DC9B2ABE3D1000C78FCF /* ViewModifiers */,
				2AE0F61A2A9BF8750001A30E /* Navigation */,
				2AFA7A482A7C31E80006BDDF /* SchemeType.swift */,
				2AFA7A522A7D965A0006BDDF /* MainApp */,
				2AE0F60C2A9958940001A30E /* Supporting Files */,
				2A3AE1E52A8E61350024EDC0 /* Helpers */,
				2A9DED6129AB83640092D549 /* Assets */,
				2A9DED6029AB834F0092D549 /* Extension */,
			);
			path = Shared;
			sourceTree = "<group>";
		};
		3F344F2485208F08C705DC75 /* Frameworks */ = {
			isa = PBXGroup;
			children = (
				E0BAEE4548DC37CA211E1AA4 /* Pods_WhatILearned.framework */,
				07687C1A79A8B38A05BA9365 /* Pods_WhatILearned_WhatILearnedUITests.framework */,
				A395B16BABD98F5E70FC2056 /* Pods_WhatILearnedTests.framework */,
			);
			name = Frameworks;
			sourceTree = "<group>";
		};
		62D056051DF08EEB6BC37EAA /* Pods */ = {
			isa = PBXGroup;
			children = (
				703FCBC88B3876BF71F38400 /* Pods-WhatILearned.debug.xcconfig */,
				02480B845C7DBFC72C6760DA /* Pods-WhatILearned.release.xcconfig */,
				A0FF8219A5592B1A6D8E8807 /* Pods-WhatILearned-WhatILearnedUITests.debug.xcconfig */,
				C0A11989C5BF73BCB90F901A /* Pods-WhatILearned-WhatILearnedUITests.release.xcconfig */,
				E3FC937516220251FDC989C2 /* Pods-WhatILearnedTests.debug.xcconfig */,
				85BE3A862777F35DA5E323B9 /* Pods-WhatILearnedTests.release.xcconfig */,
			);
			path = Pods;
			sourceTree = "<group>";
		};
/* End PBXGroup section */

/* Begin PBXNativeTarget section */
		2A7875E1299D7264001450F6 /* WhatILearned */ = {
			isa = PBXNativeTarget;
			buildConfigurationList = 2A787607299D7265001450F6 /* Build configuration list for PBXNativeTarget "WhatILearned" */;
			buildPhases = (
				15FDA4F150D9BB505774E24A /* [CP] Check Pods Manifest.lock */,
				2A7875DE299D7264001450F6 /* Sources */,
				2A7875DF299D7264001450F6 /* Frameworks */,
				2A7875E0299D7264001450F6 /* Resources */,
				2AFA7A402A7645920006BDDF /* ShellScript */,
			);
			buildRules = (
			);
			dependencies = (
			);
			name = WhatILearned;
			packageProductDependencies = (
				2AFA7A422A79280B0006BDDF /* ComposableArchitecture */,
				2AAF65652AACE6C500B86F64 /* Alamofire */,
				2AAF65682AAF35EA00B86F64 /* Lottie */,
				2AB238B32ABB8CBB008979F6 /* MyMacro */,
				2AB238B52ABB8CBB008979F6 /* MyMacroClient */,
			);
			productName = WhatILearned;
			productReference = 2A7875E2299D7264001450F6 /* WhatILearned.app */;
			productType = "com.apple.product-type.application";
		};
		2A7875F2299D7265001450F6 /* WhatILearnedTests */ = {
			isa = PBXNativeTarget;
			buildConfigurationList = 2A78760A299D7265001450F6 /* Build configuration list for PBXNativeTarget "WhatILearnedTests" */;
			buildPhases = (
				F72BBBCCB4D407E2AAAF0307 /* [CP] Check Pods Manifest.lock */,
				2A7875EF299D7265001450F6 /* Sources */,
				2A7875F0299D7265001450F6 /* Frameworks */,
				2A7875F1299D7265001450F6 /* Resources */,
			);
			buildRules = (
			);
			dependencies = (
				2A7875F5299D7265001450F6 /* PBXTargetDependency */,
			);
			name = WhatILearnedTests;
			productName = WhatILearnedTests;
			productReference = 2A7875F3299D7265001450F6 /* WhatILearnedTests.xctest */;
			productType = "com.apple.product-type.bundle.unit-test";
		};
		2A7875FC299D7265001450F6 /* WhatILearnedUITests */ = {
			isa = PBXNativeTarget;
			buildConfigurationList = 2A78760D299D7265001450F6 /* Build configuration list for PBXNativeTarget "WhatILearnedUITests" */;
			buildPhases = (
				8BA464BD9014F8A3F98357CB /* [CP] Check Pods Manifest.lock */,
				2A7875F9299D7265001450F6 /* Sources */,
				2A7875FA299D7265001450F6 /* Frameworks */,
				2A7875FB299D7265001450F6 /* Resources */,
			);
			buildRules = (
			);
			dependencies = (
				2A7875FF299D7265001450F6 /* PBXTargetDependency */,
			);
			name = WhatILearnedUITests;
			productName = WhatILearnedUITests;
			productReference = 2A7875FD299D7265001450F6 /* WhatILearnedUITests.xctest */;
			productType = "com.apple.product-type.bundle.ui-testing";
		};
/* End PBXNativeTarget section */

/* Begin PBXProject section */
		2A7875DA299D7264001450F6 /* Project object */ = {
			isa = PBXProject;
			attributes = {
				BuildIndependentTargetsInParallel = 1;
				LastSwiftUpdateCheck = 1420;
				LastUpgradeCheck = 1420;
				TargetAttributes = {
					2A7875E1299D7264001450F6 = {
						CreatedOnToolsVersion = 14.2;
					};
					2A7875F2299D7265001450F6 = {
						CreatedOnToolsVersion = 14.2;
						TestTargetID = 2A7875E1299D7264001450F6;
					};
					2A7875FC299D7265001450F6 = {
						CreatedOnToolsVersion = 14.2;
						TestTargetID = 2A7875E1299D7264001450F6;
					};
				};
			};
			buildConfigurationList = 2A7875DD299D7264001450F6 /* Build configuration list for PBXProject "WhatILearned" */;
			compatibilityVersion = "Xcode 14.0";
			developmentRegion = en;
			hasScannedForEncodings = 0;
			knownRegions = (
				en,
				Base,
				de,
			);
			mainGroup = 2A7875D9299D7264001450F6;
			packageReferences = (
				2AFA7A412A79280B0006BDDF /* XCRemoteSwiftPackageReference "swift-composable-architecture" */,
				2AAF65642AACE6C500B86F64 /* XCRemoteSwiftPackageReference "Alamofire" */,
				2AAF65672AAF35EA00B86F64 /* XCRemoteSwiftPackageReference "lottie-spm" */,
				2AB238B12ABB8C29008979F6 /* XCLocalSwiftPackageReference "../MyMacro" */,
			);
			productRefGroup = 2A7875E3299D7264001450F6 /* Products */;
			projectDirPath = "";
			projectRoot = "";
			targets = (
				2A7875E1299D7264001450F6 /* WhatILearned */,
				2A7875F2299D7265001450F6 /* WhatILearnedTests */,
				2A7875FC299D7265001450F6 /* WhatILearnedUITests */,
			);
		};
/* End PBXProject section */

/* Begin PBXResourcesBuildPhase section */
		2A7875E0299D7264001450F6 /* Resources */ = {
			isa = PBXResourcesBuildPhase;
			buildActionMask = 2147483647;
			files = (
				2A9DED5B29AB7D200092D549 /* menu.json in Resources */,
				2AAF658E2AAF4E7600B86F64 /* newsItems.json in Resources */,
				2AE0F60F2A9958D40001A30E /* Localizable.strings in Resources */,
				2AAF656C2AAF376200B86F64 /* dancing.json in Resources */,
				2A7875EE299D7265001450F6 /* Preview Assets.xcassets in Resources */,
				2A7875EA299D7265001450F6 /* Assets.xcassets in Resources */,
			);
			runOnlyForDeploymentPostprocessing = 0;
		};
		2A7875F1299D7265001450F6 /* Resources */ = {
			isa = PBXResourcesBuildPhase;
			buildActionMask = 2147483647;
			files = (
			);
			runOnlyForDeploymentPostprocessing = 0;
		};
		2A7875FB299D7265001450F6 /* Resources */ = {
			isa = PBXResourcesBuildPhase;
			buildActionMask = 2147483647;
			files = (
			);
			runOnlyForDeploymentPostprocessing = 0;
		};
/* End PBXResourcesBuildPhase section */

/* Begin PBXShellScriptBuildPhase section */
		15FDA4F150D9BB505774E24A /* [CP] Check Pods Manifest.lock */ = {
			isa = PBXShellScriptBuildPhase;
			buildActionMask = 2147483647;
			files = (
			);
			inputFileListPaths = (
			);
			inputPaths = (
				"${PODS_PODFILE_DIR_PATH}/Podfile.lock",
				"${PODS_ROOT}/Manifest.lock",
			);
			name = "[CP] Check Pods Manifest.lock";
			outputFileListPaths = (
			);
			outputPaths = (
				"$(DERIVED_FILE_DIR)/Pods-WhatILearned-checkManifestLockResult.txt",
			);
			runOnlyForDeploymentPostprocessing = 0;
			shellPath = /bin/sh;
			shellScript = "diff \"${PODS_PODFILE_DIR_PATH}/Podfile.lock\" \"${PODS_ROOT}/Manifest.lock\" > /dev/null\nif [ $? != 0 ] ; then\n    # print error to STDERR\n    echo \"error: The sandbox is not in sync with the Podfile.lock. Run 'pod install' or update your CocoaPods installation.\" >&2\n    exit 1\nfi\n# This output is used by Xcode 'outputs' to avoid re-running this script phase.\necho \"SUCCESS\" > \"${SCRIPT_OUTPUT_FILE_0}\"\n";
			showEnvVarsInLog = 0;
		};
		2AFA7A402A7645920006BDDF /* ShellScript */ = {
			isa = PBXShellScriptBuildPhase;
			buildActionMask = 2147483647;
			files = (
			);
			inputFileListPaths = (
			);
			inputPaths = (
			);
			outputFileListPaths = (
			);
			outputPaths = (
			);
			runOnlyForDeploymentPostprocessing = 0;
			shellPath = /bin/sh;
			shellScript = "# Type a script or drag a script file from your workspace to insert its path.\nif [[ \"$(uname -m)\" == arm64 ]]; then\n    export PATH=\"/opt/homebrew/bin:$PATH\"\nfi\n\nif which swiftlint > /dev/null; then\n  swiftlint\nelse\n  echo \"warning: SwiftLint not installed, download from https://github.com/realm/SwiftLint\"\nfi\n";
		};
		8BA464BD9014F8A3F98357CB /* [CP] Check Pods Manifest.lock */ = {
			isa = PBXShellScriptBuildPhase;
			buildActionMask = 2147483647;
			files = (
			);
			inputFileListPaths = (
			);
			inputPaths = (
				"${PODS_PODFILE_DIR_PATH}/Podfile.lock",
				"${PODS_ROOT}/Manifest.lock",
			);
			name = "[CP] Check Pods Manifest.lock";
			outputFileListPaths = (
			);
			outputPaths = (
				"$(DERIVED_FILE_DIR)/Pods-WhatILearned-WhatILearnedUITests-checkManifestLockResult.txt",
			);
			runOnlyForDeploymentPostprocessing = 0;
			shellPath = /bin/sh;
			shellScript = "diff \"${PODS_PODFILE_DIR_PATH}/Podfile.lock\" \"${PODS_ROOT}/Manifest.lock\" > /dev/null\nif [ $? != 0 ] ; then\n    # print error to STDERR\n    echo \"error: The sandbox is not in sync with the Podfile.lock. Run 'pod install' or update your CocoaPods installation.\" >&2\n    exit 1\nfi\n# This output is used by Xcode 'outputs' to avoid re-running this script phase.\necho \"SUCCESS\" > \"${SCRIPT_OUTPUT_FILE_0}\"\n";
			showEnvVarsInLog = 0;
		};
		F72BBBCCB4D407E2AAAF0307 /* [CP] Check Pods Manifest.lock */ = {
			isa = PBXShellScriptBuildPhase;
			buildActionMask = 2147483647;
			files = (
			);
			inputFileListPaths = (
			);
			inputPaths = (
				"${PODS_PODFILE_DIR_PATH}/Podfile.lock",
				"${PODS_ROOT}/Manifest.lock",
			);
			name = "[CP] Check Pods Manifest.lock";
			outputFileListPaths = (
			);
			outputPaths = (
				"$(DERIVED_FILE_DIR)/Pods-WhatILearnedTests-checkManifestLockResult.txt",
			);
			runOnlyForDeploymentPostprocessing = 0;
			shellPath = /bin/sh;
			shellScript = "diff \"${PODS_PODFILE_DIR_PATH}/Podfile.lock\" \"${PODS_ROOT}/Manifest.lock\" > /dev/null\nif [ $? != 0 ] ; then\n    # print error to STDERR\n    echo \"error: The sandbox is not in sync with the Podfile.lock. Run 'pod install' or update your CocoaPods installation.\" >&2\n    exit 1\nfi\n# This output is used by Xcode 'outputs' to avoid re-running this script phase.\necho \"SUCCESS\" > \"${SCRIPT_OUTPUT_FILE_0}\"\n";
			showEnvVarsInLog = 0;
		};
/* End PBXShellScriptBuildPhase section */

/* Begin PBXSourcesBuildPhase section */
		2A7875DE299D7264001450F6 /* Sources */ = {
			isa = PBXSourcesBuildPhase;
			buildActionMask = 2147483647;
			files = (
				2AFA7A552A7D966C0006BDDF /* AppView.swift in Sources */,
				2AFA7A502A7D96560006BDDF /* MenuView.swift in Sources */,
				2AFA7A512A7D96560006BDDF /* MenuCoordinator.swift in Sources */,
				2A05DCA02ABE3D6B00C78FCF /* TestMyViewModifiers.swift in Sources */,
				2AFA7A582A7D969E0006BDDF /* NavigatorView.swift in Sources */,
				2AAF654D2AAB68C100B86F64 /* ChartsViewModel.swift in Sources */,
				2AAF65832AAF4CBB00B86F64 /* FakeNewsList.swift in Sources */,
				2AFA7A992A818E580006BDDF /* Person.swift in Sources */,
				2AAF655F2AACDE4900B86F64 /* UserView.swift in Sources */,
				2AAF655A2AAB761800B86F64 /* MarkType.swift in Sources */,
				2AE0F6002A9172580001A30E /* FancyToastModifier.swift in Sources */,
				2AE0F6292A9F558C0001A30E /* TestTabView.swift in Sources */,
				2AFA7A5D2A7D99600006BDDF /* SettingTab.swift in Sources */,
				2AE0F61C2A9BF8870001A30E /* CoordinatorModifier.swift in Sources */,
				2A05DC9D2ABE3D2100C78FCF /* ScaleOnTapModifier.swift in Sources */,
				2AE0F5FA2A916F7D0001A30E /* FancyToastView.swift in Sources */,
				2A047BD22AB661F900492C0A /* CollectionViewContent.swift in Sources */,
				2AE0F6232A9D3D480001A30E /* MapView.swift in Sources */,
				2AAF65922AAFA29F00B86F64 /* Continuation.swift in Sources */,
				2AE0F6172A9BF5750001A30E /* AppTabItem.swift in Sources */,
				2AFA7A492A7C31E80006BDDF /* SchemeType.swift in Sources */,
				2AE0F6042A9172BE0001A30E /* ToastViewExample.swift in Sources */,
				2AAF658C2AAF4DB100B86F64 /* MessageView.swift in Sources */,
				2A047BCF2AB5084F00492C0A /* BackgroundOverlay.swift in Sources */,
				2AAF657D2AAF486800B86F64 /* ShimmerConfiguration.swift in Sources */,
				2AAF65562AAB6DFA00B86F64 /* ControlsView.swift in Sources */,
				2AAF657B2AAF47DD00B86F64 /* CollectionLoadingState.swift in Sources */,
				2AAF65582AAB75DD00B86F64 /* AxisType.swift in Sources */,
				2AE0F5FC2A916FB20001A30E /* FancyToastStyle.swift in Sources */,
				2AFA7A452A7AC1610006BDDF /* Colors.swift in Sources */,
				2A3AE1EB2A8E618E0024EDC0 /* HapticTest.swift in Sources */,
				2AFA7A5B2A7D96D50006BDDF /* MenuItem.swift in Sources */,
				2AAF65732AAF3FFE00B86F64 /* PlaceholderView.swift in Sources */,
				2AAF65612AACE29F00B86F64 /* UsersView.swift in Sources */,
				2AAF655D2AACDE2500B86F64 /* Users.swift in Sources */,
				2AAF65852AAF4CD700B86F64 /* FakeNewsFeedView.swift in Sources */,
				2AFA7A9E2A818EE80006BDDF /* ChrisNavigation.swift in Sources */,
				2AAF65772AAF475400B86F64 /* CollectionLoadingView.swift in Sources */,
				2AE0F61E2A9BF8AD0001A30E /* CoordinatorProtocol.swift in Sources */,
				2AAF65702AAF37A000B86F64 /* LottieView.swift in Sources */,
				2AAF658A2AAF4D7E00B86F64 /* FakeNewsViewModel.swift in Sources */,
				2A7875E8299D7264001450F6 /* ContentView.swift in Sources */,
				2A8100242A8C0B230086B146 /* AsyncAwaitRequest.swift in Sources */,
				2AFA7A4F2A7D96560006BDDF /* MenuViewModel.swift in Sources */,
				2A3AE1E82A8E614C0024EDC0 /* HapticFeedback.swift in Sources */,
				2A8100222A8952820086B146 /* AddArticleView.swift in Sources */,
				2A8100272A8C0BD90086B146 /* RemoteFile.swift in Sources */,
				2AAF654F2AAB690900B86F64 /* ShapeColor.swift in Sources */,
				2AE0F6192A9BF5920001A30E /* AppDelegate.swift in Sources */,
				2AE0F5FE2A9170540001A30E /* FancyToast.swift in Sources */,
				2A3AE1E22A8DF2710024EDC0 /* URLSession+noCache.swift in Sources */,
				2AAF654A2AAB684B00B86F64 /* ChartContainerView.swift in Sources */,
				2AFA7A562A7D966C0006BDDF /* AppCoordinator.swift in Sources */,
				2AB238AE2ABB81C0008979F6 /* SettingTabViewModel.swift in Sources */,
				2AAF65812AAF48E600B86F64 /* ShimmerModifier.swift in Sources */,
				2AE0F6022A91728D0001A30E /* View+toastView.swift in Sources */,
				2A7875E6299D7264001450F6 /* WhatILearnedApp.swift in Sources */,
				2AAF65542AAB696F00B86F64 /* ChartsView.swift in Sources */,
				2A8100292A8C0BFB0086B146 /* Message.swift in Sources */,
				2AAF65752AAF408800B86F64 /* ShimmeringView.swift in Sources */,
				2AAF65632AACE2CB00B86F64 /* UsersViewModel.swift in Sources */,
				2AAF65882AAF4D5D00B86F64 /* FakeNewsService.swift in Sources */,
				2AAF657F2AAF48B600B86F64 /* View+shimmer.swift in Sources */,
				2A05DCA22ABFAD2C00C78FCF /* GradientModifier.swift in Sources */,
				2A9DED5F29AB832C0092D549 /* Bundle+decode.swift in Sources */,
				2A1E641D2AA35CF3004D4498 /* CounterApp.swift in Sources */,
				2AE0F6262A9F525D0001A30E /* PhotoPickerView.swift in Sources */,
				2AAF65512AAB692A00B86F64 /* ChartDescribable.swift in Sources */,
				2AFA7A9B2A818E740006BDDF /* Article.swift in Sources */,
			);
			runOnlyForDeploymentPostprocessing = 0;
		};
		2A7875EF299D7265001450F6 /* Sources */ = {
			isa = PBXSourcesBuildPhase;
			buildActionMask = 2147483647;
			files = (
				2A7875F8299D7265001450F6 /* WhatILearnedTests.swift in Sources */,
			);
			runOnlyForDeploymentPostprocessing = 0;
		};
		2A7875F9299D7265001450F6 /* Sources */ = {
			isa = PBXSourcesBuildPhase;
			buildActionMask = 2147483647;
			files = (
				2A787604299D7265001450F6 /* WhatILearnedUITestsLaunchTests.swift in Sources */,
				2A787602299D7265001450F6 /* WhatILearnedUITests.swift in Sources */,
			);
			runOnlyForDeploymentPostprocessing = 0;
		};
/* End PBXSourcesBuildPhase section */

/* Begin PBXTargetDependency section */
		2A7875F5299D7265001450F6 /* PBXTargetDependency */ = {
			isa = PBXTargetDependency;
			target = 2A7875E1299D7264001450F6 /* WhatILearned */;
			targetProxy = 2A7875F4299D7265001450F6 /* PBXContainerItemProxy */;
		};
		2A7875FF299D7265001450F6 /* PBXTargetDependency */ = {
			isa = PBXTargetDependency;
			target = 2A7875E1299D7264001450F6 /* WhatILearned */;
			targetProxy = 2A7875FE299D7265001450F6 /* PBXContainerItemProxy */;
		};
/* End PBXTargetDependency section */

/* Begin PBXVariantGroup section */
		2AE0F6112A9958D40001A30E /* Localizable.strings */ = {
			isa = PBXVariantGroup;
			children = (
				2AE0F6102A9958D40001A30E /* de */,
				2AE0F6152A995A680001A30E /* en */,
			);
			name = Localizable.strings;
			sourceTree = "<group>";
		};
/* End PBXVariantGroup section */

/* Begin XCBuildConfiguration section */
		2A787605299D7265001450F6 /* Debug */ = {
			isa = XCBuildConfiguration;
			buildSettings = {
				ALWAYS_SEARCH_USER_PATHS = NO;
				CLANG_ANALYZER_NONNULL = YES;
				CLANG_ANALYZER_NUMBER_OBJECT_CONVERSION = YES_AGGRESSIVE;
				CLANG_CXX_LANGUAGE_STANDARD = "gnu++20";
				CLANG_ENABLE_MODULES = YES;
				CLANG_ENABLE_OBJC_ARC = YES;
				CLANG_ENABLE_OBJC_WEAK = YES;
				CLANG_WARN_BLOCK_CAPTURE_AUTORELEASING = YES;
				CLANG_WARN_BOOL_CONVERSION = YES;
				CLANG_WARN_COMMA = YES;
				CLANG_WARN_CONSTANT_CONVERSION = YES;
				CLANG_WARN_DEPRECATED_OBJC_IMPLEMENTATIONS = YES;
				CLANG_WARN_DIRECT_OBJC_ISA_USAGE = YES_ERROR;
				CLANG_WARN_DOCUMENTATION_COMMENTS = YES;
				CLANG_WARN_EMPTY_BODY = YES;
				CLANG_WARN_ENUM_CONVERSION = YES;
				CLANG_WARN_INFINITE_RECURSION = YES;
				CLANG_WARN_INT_CONVERSION = YES;
				CLANG_WARN_NON_LITERAL_NULL_CONVERSION = YES;
				CLANG_WARN_OBJC_IMPLICIT_RETAIN_SELF = YES;
				CLANG_WARN_OBJC_LITERAL_CONVERSION = YES;
				CLANG_WARN_OBJC_ROOT_CLASS = YES_ERROR;
				CLANG_WARN_QUOTED_INCLUDE_IN_FRAMEWORK_HEADER = YES;
				CLANG_WARN_RANGE_LOOP_ANALYSIS = YES;
				CLANG_WARN_STRICT_PROTOTYPES = YES;
				CLANG_WARN_SUSPICIOUS_MOVE = YES;
				CLANG_WARN_UNGUARDED_AVAILABILITY = YES_AGGRESSIVE;
				CLANG_WARN_UNREACHABLE_CODE = YES;
				CLANG_WARN__DUPLICATE_METHOD_MATCH = YES;
				COPY_PHASE_STRIP = NO;
				DEBUG_INFORMATION_FORMAT = dwarf;
				ENABLE_STRICT_OBJC_MSGSEND = YES;
				ENABLE_TESTABILITY = YES;
				GCC_C_LANGUAGE_STANDARD = gnu11;
				GCC_DYNAMIC_NO_PIC = NO;
				GCC_NO_COMMON_BLOCKS = YES;
				GCC_OPTIMIZATION_LEVEL = 0;
				GCC_PREPROCESSOR_DEFINITIONS = (
					"DEBUG=1",
					"$(inherited)",
				);
				GCC_WARN_64_TO_32_BIT_CONVERSION = YES;
				GCC_WARN_ABOUT_RETURN_TYPE = YES_ERROR;
				GCC_WARN_UNDECLARED_SELECTOR = YES;
				GCC_WARN_UNINITIALIZED_AUTOS = YES_AGGRESSIVE;
				GCC_WARN_UNUSED_FUNCTION = YES;
				GCC_WARN_UNUSED_VARIABLE = YES;
				MTL_ENABLE_DEBUG_INFO = INCLUDE_SOURCE;
				MTL_FAST_MATH = YES;
				ONLY_ACTIVE_ARCH = YES;
				SWIFT_ACTIVE_COMPILATION_CONDITIONS = DEBUG;
				SWIFT_OPTIMIZATION_LEVEL = "-Onone";
			};
			name = Debug;
		};
		2A787606299D7265001450F6 /* Release */ = {
			isa = XCBuildConfiguration;
			buildSettings = {
				ALWAYS_SEARCH_USER_PATHS = NO;
				CLANG_ANALYZER_NONNULL = YES;
				CLANG_ANALYZER_NUMBER_OBJECT_CONVERSION = YES_AGGRESSIVE;
				CLANG_CXX_LANGUAGE_STANDARD = "gnu++20";
				CLANG_ENABLE_MODULES = YES;
				CLANG_ENABLE_OBJC_ARC = YES;
				CLANG_ENABLE_OBJC_WEAK = YES;
				CLANG_WARN_BLOCK_CAPTURE_AUTORELEASING = YES;
				CLANG_WARN_BOOL_CONVERSION = YES;
				CLANG_WARN_COMMA = YES;
				CLANG_WARN_CONSTANT_CONVERSION = YES;
				CLANG_WARN_DEPRECATED_OBJC_IMPLEMENTATIONS = YES;
				CLANG_WARN_DIRECT_OBJC_ISA_USAGE = YES_ERROR;
				CLANG_WARN_DOCUMENTATION_COMMENTS = YES;
				CLANG_WARN_EMPTY_BODY = YES;
				CLANG_WARN_ENUM_CONVERSION = YES;
				CLANG_WARN_INFINITE_RECURSION = YES;
				CLANG_WARN_INT_CONVERSION = YES;
				CLANG_WARN_NON_LITERAL_NULL_CONVERSION = YES;
				CLANG_WARN_OBJC_IMPLICIT_RETAIN_SELF = YES;
				CLANG_WARN_OBJC_LITERAL_CONVERSION = YES;
				CLANG_WARN_OBJC_ROOT_CLASS = YES_ERROR;
				CLANG_WARN_QUOTED_INCLUDE_IN_FRAMEWORK_HEADER = YES;
				CLANG_WARN_RANGE_LOOP_ANALYSIS = YES;
				CLANG_WARN_STRICT_PROTOTYPES = YES;
				CLANG_WARN_SUSPICIOUS_MOVE = YES;
				CLANG_WARN_UNGUARDED_AVAILABILITY = YES_AGGRESSIVE;
				CLANG_WARN_UNREACHABLE_CODE = YES;
				CLANG_WARN__DUPLICATE_METHOD_MATCH = YES;
				COPY_PHASE_STRIP = NO;
				DEBUG_INFORMATION_FORMAT = "dwarf-with-dsym";
				ENABLE_NS_ASSERTIONS = NO;
				ENABLE_STRICT_OBJC_MSGSEND = YES;
				GCC_C_LANGUAGE_STANDARD = gnu11;
				GCC_NO_COMMON_BLOCKS = YES;
				GCC_WARN_64_TO_32_BIT_CONVERSION = YES;
				GCC_WARN_ABOUT_RETURN_TYPE = YES_ERROR;
				GCC_WARN_UNDECLARED_SELECTOR = YES;
				GCC_WARN_UNINITIALIZED_AUTOS = YES_AGGRESSIVE;
				GCC_WARN_UNUSED_FUNCTION = YES;
				GCC_WARN_UNUSED_VARIABLE = YES;
				MTL_ENABLE_DEBUG_INFO = NO;
				MTL_FAST_MATH = YES;
				SWIFT_COMPILATION_MODE = wholemodule;
				SWIFT_OPTIMIZATION_LEVEL = "-O";
			};
			name = Release;
		};
		2A787608299D7265001450F6 /* Debug */ = {
			isa = XCBuildConfiguration;
			baseConfigurationReference = 703FCBC88B3876BF71F38400 /* Pods-WhatILearned.debug.xcconfig */;
			buildSettings = {
				ASSETCATALOG_COMPILER_APPICON_NAME = AppIcon;
				ASSETCATALOG_COMPILER_GLOBAL_ACCENT_COLOR_NAME = AccentColor;
				CODE_SIGN_ENTITLEMENTS = WhatILearned/WhatILearned.entitlements;
				CODE_SIGN_IDENTITY = "Apple Development";
				CODE_SIGN_STYLE = Automatic;
				CURRENT_PROJECT_VERSION = 1;
				DEVELOPMENT_ASSET_PATHS = "\"WhatILearned/Preview Content\"";
				DEVELOPMENT_TEAM = WV7G3G5SGX;
				ENABLE_HARDENED_RUNTIME = YES;
				ENABLE_PREVIEWS = YES;
				GENERATE_INFOPLIST_FILE = YES;
				INFOPLIST_FILE = WhatILearned/Info.plist;
				"INFOPLIST_KEY_UIApplicationSceneManifest_Generation[sdk=iphoneos*]" = YES;
				"INFOPLIST_KEY_UIApplicationSceneManifest_Generation[sdk=iphonesimulator*]" = YES;
				"INFOPLIST_KEY_UIApplicationSupportsIndirectInputEvents[sdk=iphoneos*]" = YES;
				"INFOPLIST_KEY_UIApplicationSupportsIndirectInputEvents[sdk=iphonesimulator*]" = YES;
				"INFOPLIST_KEY_UILaunchScreen_Generation[sdk=iphoneos*]" = YES;
				"INFOPLIST_KEY_UILaunchScreen_Generation[sdk=iphonesimulator*]" = YES;
				"INFOPLIST_KEY_UIStatusBarStyle[sdk=iphoneos*]" = UIStatusBarStyleDefault;
				"INFOPLIST_KEY_UIStatusBarStyle[sdk=iphonesimulator*]" = UIStatusBarStyleDefault;
				INFOPLIST_KEY_UISupportedInterfaceOrientations_iPad = "UIInterfaceOrientationPortrait UIInterfaceOrientationPortraitUpsideDown UIInterfaceOrientationLandscapeLeft UIInterfaceOrientationLandscapeRight";
				INFOPLIST_KEY_UISupportedInterfaceOrientations_iPhone = "UIInterfaceOrientationPortrait UIInterfaceOrientationLandscapeLeft UIInterfaceOrientationLandscapeRight";
				IPHONEOS_DEPLOYMENT_TARGET = 16.2;
				LD_RUNPATH_SEARCH_PATHS = "@executable_path/Frameworks";
				"LD_RUNPATH_SEARCH_PATHS[sdk=macosx*]" = "@executable_path/../Frameworks";
				MACOSX_DEPLOYMENT_TARGET = 13.1;
				MARKETING_VERSION = 1.0;
				PRODUCT_BUNDLE_IDENTIFIER = hamedgh.ir.WhatILearned;
				PRODUCT_NAME = "$(TARGET_NAME)";
				PROVISIONING_PROFILE_SPECIFIER = "";
				SDKROOT = auto;
				SUPPORTED_PLATFORMS = "iphoneos iphonesimulator";
				SUPPORTS_MACCATALYST = NO;
				SUPPORTS_MAC_DESIGNED_FOR_IPHONE_IPAD = NO;
				SWIFT_EMIT_LOC_STRINGS = YES;
				SWIFT_VERSION = 5.0;
				TARGETED_DEVICE_FAMILY = 1;
			};
			name = Debug;
		};
		2A787609299D7265001450F6 /* Release */ = {
			isa = XCBuildConfiguration;
			baseConfigurationReference = 02480B845C7DBFC72C6760DA /* Pods-WhatILearned.release.xcconfig */;
			buildSettings = {
				ASSETCATALOG_COMPILER_APPICON_NAME = AppIcon;
				ASSETCATALOG_COMPILER_GLOBAL_ACCENT_COLOR_NAME = AccentColor;
				CODE_SIGN_ENTITLEMENTS = WhatILearned/WhatILearned.entitlements;
				CODE_SIGN_IDENTITY = "Apple Development";
				CODE_SIGN_STYLE = Automatic;
				CURRENT_PROJECT_VERSION = 1;
				DEVELOPMENT_ASSET_PATHS = "\"WhatILearned/Preview Content\"";
				DEVELOPMENT_TEAM = WV7G3G5SGX;
				ENABLE_HARDENED_RUNTIME = YES;
				ENABLE_PREVIEWS = YES;
				GENERATE_INFOPLIST_FILE = YES;
				INFOPLIST_FILE = WhatILearned/Info.plist;
				"INFOPLIST_KEY_UIApplicationSceneManifest_Generation[sdk=iphoneos*]" = YES;
				"INFOPLIST_KEY_UIApplicationSceneManifest_Generation[sdk=iphonesimulator*]" = YES;
				"INFOPLIST_KEY_UIApplicationSupportsIndirectInputEvents[sdk=iphoneos*]" = YES;
				"INFOPLIST_KEY_UIApplicationSupportsIndirectInputEvents[sdk=iphonesimulator*]" = YES;
				"INFOPLIST_KEY_UILaunchScreen_Generation[sdk=iphoneos*]" = YES;
				"INFOPLIST_KEY_UILaunchScreen_Generation[sdk=iphonesimulator*]" = YES;
				"INFOPLIST_KEY_UIStatusBarStyle[sdk=iphoneos*]" = UIStatusBarStyleDefault;
				"INFOPLIST_KEY_UIStatusBarStyle[sdk=iphonesimulator*]" = UIStatusBarStyleDefault;
				INFOPLIST_KEY_UISupportedInterfaceOrientations_iPad = "UIInterfaceOrientationPortrait UIInterfaceOrientationPortraitUpsideDown UIInterfaceOrientationLandscapeLeft UIInterfaceOrientationLandscapeRight";
				INFOPLIST_KEY_UISupportedInterfaceOrientations_iPhone = "UIInterfaceOrientationPortrait UIInterfaceOrientationLandscapeLeft UIInterfaceOrientationLandscapeRight";
				IPHONEOS_DEPLOYMENT_TARGET = 16.2;
				LD_RUNPATH_SEARCH_PATHS = "@executable_path/Frameworks";
				"LD_RUNPATH_SEARCH_PATHS[sdk=macosx*]" = "@executable_path/../Frameworks";
				MACOSX_DEPLOYMENT_TARGET = 13.1;
				MARKETING_VERSION = 1.0;
				PRODUCT_BUNDLE_IDENTIFIER = hamedgh.ir.WhatILearned;
				PRODUCT_NAME = "$(TARGET_NAME)";
				PROVISIONING_PROFILE_SPECIFIER = "";
				SDKROOT = auto;
				SUPPORTED_PLATFORMS = "iphoneos iphonesimulator";
				SUPPORTS_MACCATALYST = NO;
				SUPPORTS_MAC_DESIGNED_FOR_IPHONE_IPAD = NO;
				SWIFT_EMIT_LOC_STRINGS = YES;
				SWIFT_VERSION = 5.0;
				TARGETED_DEVICE_FAMILY = 1;
			};
			name = Release;
		};
		2A78760B299D7265001450F6 /* Debug */ = {
			isa = XCBuildConfiguration;
			baseConfigurationReference = E3FC937516220251FDC989C2 /* Pods-WhatILearnedTests.debug.xcconfig */;
			buildSettings = {
				ALWAYS_EMBED_SWIFT_STANDARD_LIBRARIES = YES;
				BUNDLE_LOADER = "$(TEST_HOST)";
				CODE_SIGN_STYLE = Automatic;
				CURRENT_PROJECT_VERSION = 1;
				DEVELOPMENT_TEAM = CDQ479VRV3;
				GENERATE_INFOPLIST_FILE = YES;
				IPHONEOS_DEPLOYMENT_TARGET = 16.2;
				MACOSX_DEPLOYMENT_TARGET = 13.1;
				MARKETING_VERSION = 1.0;
				PRODUCT_BUNDLE_IDENTIFIER = hamedgh.ir.WhatILearnedTests;
				PRODUCT_NAME = "$(TARGET_NAME)";
				SDKROOT = auto;
				SUPPORTED_PLATFORMS = "iphoneos iphonesimulator macosx";
				SWIFT_EMIT_LOC_STRINGS = NO;
				SWIFT_VERSION = 5.0;
				TARGETED_DEVICE_FAMILY = "1,2";
				TEST_HOST = "$(BUILT_PRODUCTS_DIR)/WhatILearned.app/$(BUNDLE_EXECUTABLE_FOLDER_PATH)/WhatILearned";
			};
			name = Debug;
		};
		2A78760C299D7265001450F6 /* Release */ = {
			isa = XCBuildConfiguration;
			baseConfigurationReference = 85BE3A862777F35DA5E323B9 /* Pods-WhatILearnedTests.release.xcconfig */;
			buildSettings = {
				ALWAYS_EMBED_SWIFT_STANDARD_LIBRARIES = YES;
				BUNDLE_LOADER = "$(TEST_HOST)";
				CODE_SIGN_STYLE = Automatic;
				CURRENT_PROJECT_VERSION = 1;
				DEVELOPMENT_TEAM = CDQ479VRV3;
				GENERATE_INFOPLIST_FILE = YES;
				IPHONEOS_DEPLOYMENT_TARGET = 16.2;
				MACOSX_DEPLOYMENT_TARGET = 13.1;
				MARKETING_VERSION = 1.0;
				PRODUCT_BUNDLE_IDENTIFIER = hamedgh.ir.WhatILearnedTests;
				PRODUCT_NAME = "$(TARGET_NAME)";
				SDKROOT = auto;
				SUPPORTED_PLATFORMS = "iphoneos iphonesimulator macosx";
				SWIFT_EMIT_LOC_STRINGS = NO;
				SWIFT_VERSION = 5.0;
				TARGETED_DEVICE_FAMILY = "1,2";
				TEST_HOST = "$(BUILT_PRODUCTS_DIR)/WhatILearned.app/$(BUNDLE_EXECUTABLE_FOLDER_PATH)/WhatILearned";
			};
			name = Release;
		};
		2A78760E299D7265001450F6 /* Debug */ = {
			isa = XCBuildConfiguration;
			baseConfigurationReference = A0FF8219A5592B1A6D8E8807 /* Pods-WhatILearned-WhatILearnedUITests.debug.xcconfig */;
			buildSettings = {
				ALWAYS_EMBED_SWIFT_STANDARD_LIBRARIES = YES;
				CODE_SIGN_STYLE = Automatic;
				CURRENT_PROJECT_VERSION = 1;
				DEVELOPMENT_TEAM = CDQ479VRV3;
				GENERATE_INFOPLIST_FILE = YES;
				IPHONEOS_DEPLOYMENT_TARGET = 16.2;
				MACOSX_DEPLOYMENT_TARGET = 13.1;
				MARKETING_VERSION = 1.0;
				PRODUCT_BUNDLE_IDENTIFIER = hamedgh.ir.WhatILearnedUITests;
				PRODUCT_NAME = "$(TARGET_NAME)";
				SDKROOT = auto;
				SUPPORTED_PLATFORMS = "iphoneos iphonesimulator macosx";
				SWIFT_EMIT_LOC_STRINGS = NO;
				SWIFT_VERSION = 5.0;
				TARGETED_DEVICE_FAMILY = "1,2";
				TEST_TARGET_NAME = WhatILearned;
			};
			name = Debug;
		};
		2A78760F299D7265001450F6 /* Release */ = {
			isa = XCBuildConfiguration;
			baseConfigurationReference = C0A11989C5BF73BCB90F901A /* Pods-WhatILearned-WhatILearnedUITests.release.xcconfig */;
			buildSettings = {
				ALWAYS_EMBED_SWIFT_STANDARD_LIBRARIES = YES;
				CODE_SIGN_STYLE = Automatic;
				CURRENT_PROJECT_VERSION = 1;
				DEVELOPMENT_TEAM = CDQ479VRV3;
				GENERATE_INFOPLIST_FILE = YES;
				IPHONEOS_DEPLOYMENT_TARGET = 16.2;
				MACOSX_DEPLOYMENT_TARGET = 13.1;
				MARKETING_VERSION = 1.0;
				PRODUCT_BUNDLE_IDENTIFIER = hamedgh.ir.WhatILearnedUITests;
				PRODUCT_NAME = "$(TARGET_NAME)";
				SDKROOT = auto;
				SUPPORTED_PLATFORMS = "iphoneos iphonesimulator macosx";
				SWIFT_EMIT_LOC_STRINGS = NO;
				SWIFT_VERSION = 5.0;
				TARGETED_DEVICE_FAMILY = "1,2";
				TEST_TARGET_NAME = WhatILearned;
			};
			name = Release;
		};
/* End XCBuildConfiguration section */

/* Begin XCConfigurationList section */
		2A7875DD299D7264001450F6 /* Build configuration list for PBXProject "WhatILearned" */ = {
			isa = XCConfigurationList;
			buildConfigurations = (
				2A787605299D7265001450F6 /* Debug */,
				2A787606299D7265001450F6 /* Release */,
			);
			defaultConfigurationIsVisible = 0;
			defaultConfigurationName = Release;
		};
		2A787607299D7265001450F6 /* Build configuration list for PBXNativeTarget "WhatILearned" */ = {
			isa = XCConfigurationList;
			buildConfigurations = (
				2A787608299D7265001450F6 /* Debug */,
				2A787609299D7265001450F6 /* Release */,
			);
			defaultConfigurationIsVisible = 0;
			defaultConfigurationName = Release;
		};
		2A78760A299D7265001450F6 /* Build configuration list for PBXNativeTarget "WhatILearnedTests" */ = {
			isa = XCConfigurationList;
			buildConfigurations = (
				2A78760B299D7265001450F6 /* Debug */,
				2A78760C299D7265001450F6 /* Release */,
			);
			defaultConfigurationIsVisible = 0;
			defaultConfigurationName = Release;
		};
		2A78760D299D7265001450F6 /* Build configuration list for PBXNativeTarget "WhatILearnedUITests" */ = {
			isa = XCConfigurationList;
			buildConfigurations = (
				2A78760E299D7265001450F6 /* Debug */,
				2A78760F299D7265001450F6 /* Release */,
			);
			defaultConfigurationIsVisible = 0;
			defaultConfigurationName = Release;
		};
/* End XCConfigurationList section */

/* Begin XCLocalSwiftPackageReference section */
		2AB238B12ABB8C29008979F6 /* XCLocalSwiftPackageReference "../MyMacro" */ = {
			isa = XCLocalSwiftPackageReference;
			relativePath = ../MyMacro;
		};
/* End XCLocalSwiftPackageReference section */

/* Begin XCRemoteSwiftPackageReference section */
		2AAF65642AACE6C500B86F64 /* XCRemoteSwiftPackageReference "Alamofire" */ = {
			isa = XCRemoteSwiftPackageReference;
			repositoryURL = "https://github.com/Alamofire/Alamofire.git";
			requirement = {
				kind = upToNextMajorVersion;
				minimumVersion = 5.0.0;
			};
		};
		2AAF65672AAF35EA00B86F64 /* XCRemoteSwiftPackageReference "lottie-spm" */ = {
			isa = XCRemoteSwiftPackageReference;
			repositoryURL = "https://github.com/airbnb/lottie-spm.git";
			requirement = {
				kind = upToNextMajorVersion;
				minimumVersion = 4.0.0;
			};
		};
		2AFA7A412A79280B0006BDDF /* XCRemoteSwiftPackageReference "swift-composable-architecture" */ = {
			isa = XCRemoteSwiftPackageReference;
			repositoryURL = "https://github.com/pointfreeco/swift-composable-architecture";
			requirement = {
				kind = upToNextMajorVersion;
				minimumVersion = 1.0.0;
			};
		};
/* End XCRemoteSwiftPackageReference section */

/* Begin XCSwiftPackageProductDependency section */
		2AAF65652AACE6C500B86F64 /* Alamofire */ = {
			isa = XCSwiftPackageProductDependency;
			package = 2AAF65642AACE6C500B86F64 /* XCRemoteSwiftPackageReference "Alamofire" */;
			productName = Alamofire;
		};
		2AAF65682AAF35EA00B86F64 /* Lottie */ = {
			isa = XCSwiftPackageProductDependency;
			package = 2AAF65672AAF35EA00B86F64 /* XCRemoteSwiftPackageReference "lottie-spm" */;
			productName = Lottie;
		};
		2AB238B32ABB8CBB008979F6 /* MyMacro */ = {
			isa = XCSwiftPackageProductDependency;
			productName = MyMacro;
		};
		2AB238B52ABB8CBB008979F6 /* MyMacroClient */ = {
			isa = XCSwiftPackageProductDependency;
			productName = MyMacroClient;
		};
		2AFA7A422A79280B0006BDDF /* ComposableArchitecture */ = {
			isa = XCSwiftPackageProductDependency;
			package = 2AFA7A412A79280B0006BDDF /* XCRemoteSwiftPackageReference "swift-composable-architecture" */;
			productName = ComposableArchitecture;
		};
/* End XCSwiftPackageProductDependency section */
	};
	rootObject = 2A7875DA299D7264001450F6 /* Project object */;
}
