// !$*UTF8*$!
{
	archiveVersion = 1;
	classes = {
	};
	objectVersion = 56;
	objects = {

/* Begin PBXBuildFile section */
		2A7875E6299D7264001450F6 /* WhatILearnedApp.swift in Sources */ = {isa = PBXBuildFile; fileRef = 2A7875E5299D7264001450F6 /* WhatILearnedApp.swift */; };
		2A7875E8299D7264001450F6 /* ContentView.swift in Sources */ = {isa = PBXBuildFile; fileRef = 2A7875E7299D7264001450F6 /* ContentView.swift */; };
		2A7875EA299D7265001450F6 /* Assets.xcassets in Resources */ = {isa = PBXBuildFile; fileRef = 2A7875E9299D7265001450F6 /* Assets.xcassets */; };
		2A7875EE299D7265001450F6 /* Preview Assets.xcassets in Resources */ = {isa = PBXBuildFile; fileRef = 2A7875ED299D7265001450F6 /* Preview Assets.xcassets */; };
		2A7875F8299D7265001450F6 /* WhatILearnedTests.swift in Sources */ = {isa = PBXBuildFile; fileRef = 2A7875F7299D7265001450F6 /* WhatILearnedTests.swift */; };
		2A787602299D7265001450F6 /* WhatILearnedUITests.swift in Sources */ = {isa = PBXBuildFile; fileRef = 2A787601299D7265001450F6 /* WhatILearnedUITests.swift */; };
		2A787604299D7265001450F6 /* WhatILearnedUITestsLaunchTests.swift in Sources */ = {isa = PBXBuildFile; fileRef = 2A787603299D7265001450F6 /* WhatILearnedUITestsLaunchTests.swift */; };
		2A9DED5B29AB7D200092D549 /* menu.json in Resources */ = {isa = PBXBuildFile; fileRef = 2A9DED5A29AB7D200092D549 /* menu.json */; };
		2A9DED5F29AB832C0092D549 /* Bundle+decode.swift in Sources */ = {isa = PBXBuildFile; fileRef = 2A9DED5E29AB832C0092D549 /* Bundle+decode.swift */; };
		2AFA7A432A79280B0006BDDF /* ComposableArchitecture in Frameworks */ = {isa = PBXBuildFile; productRef = 2AFA7A422A79280B0006BDDF /* ComposableArchitecture */; };
		2AFA7A452A7AC1610006BDDF /* Colors.swift in Sources */ = {isa = PBXBuildFile; fileRef = 2AFA7A442A7AC1610006BDDF /* Colors.swift */; };
		2AFA7A492A7C31E80006BDDF /* SchemeType.swift in Sources */ = {isa = PBXBuildFile; fileRef = 2AFA7A482A7C31E80006BDDF /* SchemeType.swift */; };
		2AFA7A4F2A7D96560006BDDF /* MenuViewModel.swift in Sources */ = {isa = PBXBuildFile; fileRef = 2AFA7A4C2A7D96560006BDDF /* MenuViewModel.swift */; };
		2AFA7A502A7D96560006BDDF /* MenuView.swift in Sources */ = {isa = PBXBuildFile; fileRef = 2AFA7A4D2A7D96560006BDDF /* MenuView.swift */; };
		2AFA7A512A7D96560006BDDF /* MenuCoordinator.swift in Sources */ = {isa = PBXBuildFile; fileRef = 2AFA7A4E2A7D96560006BDDF /* MenuCoordinator.swift */; };
		2AFA7A552A7D966C0006BDDF /* HomeView.swift in Sources */ = {isa = PBXBuildFile; fileRef = 2AFA7A532A7D966C0006BDDF /* HomeView.swift */; };
		2AFA7A562A7D966C0006BDDF /* HomeCoordinator.swift in Sources */ = {isa = PBXBuildFile; fileRef = 2AFA7A542A7D966C0006BDDF /* HomeCoordinator.swift */; };
		2AFA7A582A7D969E0006BDDF /* Navigation.swift in Sources */ = {isa = PBXBuildFile; fileRef = 2AFA7A572A7D969E0006BDDF /* Navigation.swift */; };
		2AFA7A5B2A7D96D50006BDDF /* Menu.swift in Sources */ = {isa = PBXBuildFile; fileRef = 2AFA7A5A2A7D96D50006BDDF /* Menu.swift */; };
		2AFA7A5D2A7D99600006BDDF /* SettingTab.swift in Sources */ = {isa = PBXBuildFile; fileRef = 2AFA7A5C2A7D99600006BDDF /* SettingTab.swift */; };
		2AFA7A992A818E580006BDDF /* Person.swift in Sources */ = {isa = PBXBuildFile; fileRef = 2AFA7A982A818E580006BDDF /* Person.swift */; };
		2AFA7A9B2A818E740006BDDF /* Article.swift in Sources */ = {isa = PBXBuildFile; fileRef = 2AFA7A9A2A818E740006BDDF /* Article.swift */; };
		2AFA7A9E2A818EE80006BDDF /* ChrisNavigation.swift in Sources */ = {isa = PBXBuildFile; fileRef = 2AFA7A9D2A818EE70006BDDF /* ChrisNavigation.swift */; };
		2B242C5CE51532B87D02A275 /* Pods_WhatILearned_WhatILearnedUITests.framework in Frameworks */ = {isa = PBXBuildFile; fileRef = 07687C1A79A8B38A05BA9365 /* Pods_WhatILearned_WhatILearnedUITests.framework */; };
		3B09D2C1FB000FFD5A248169 /* Pods_WhatILearnedTests.framework in Frameworks */ = {isa = PBXBuildFile; fileRef = A395B16BABD98F5E70FC2056 /* Pods_WhatILearnedTests.framework */; };
		F100A27B9BF15FDD64DA5AA7 /* Pods_WhatILearned.framework in Frameworks */ = {isa = PBXBuildFile; fileRef = E0BAEE4548DC37CA211E1AA4 /* Pods_WhatILearned.framework */; };
/* End PBXBuildFile section */

/* Begin PBXContainerItemProxy section */
		2A7875F4299D7265001450F6 /* PBXContainerItemProxy */ = {
			isa = PBXContainerItemProxy;
			containerPortal = 2A7875DA299D7264001450F6 /* Project object */;
			proxyType = 1;
			remoteGlobalIDString = 2A7875E1299D7264001450F6;
			remoteInfo = WhatILearned;
		};
		2A7875FE299D7265001450F6 /* PBXContainerItemProxy */ = {
			isa = PBXContainerItemProxy;
			containerPortal = 2A7875DA299D7264001450F6 /* Project object */;
			proxyType = 1;
			remoteGlobalIDString = 2A7875E1299D7264001450F6;
			remoteInfo = WhatILearned;
		};
/* End PBXContainerItemProxy section */

/* Begin PBXFileReference section */
		02480B845C7DBFC72C6760DA /* Pods-WhatILearned.release.xcconfig */ = {isa = PBXFileReference; includeInIndex = 1; lastKnownFileType = text.xcconfig; name = "Pods-WhatILearned.release.xcconfig"; path = "Target Support Files/Pods-WhatILearned/Pods-WhatILearned.release.xcconfig"; sourceTree = "<group>"; };
		07687C1A79A8B38A05BA9365 /* Pods_WhatILearned_WhatILearnedUITests.framework */ = {isa = PBXFileReference; explicitFileType = wrapper.framework; includeInIndex = 0; path = Pods_WhatILearned_WhatILearnedUITests.framework; sourceTree = BUILT_PRODUCTS_DIR; };
		2A7875E2299D7264001450F6 /* WhatILearned.app */ = {isa = PBXFileReference; explicitFileType = wrapper.application; includeInIndex = 0; path = WhatILearned.app; sourceTree = BUILT_PRODUCTS_DIR; };
		2A7875E5299D7264001450F6 /* WhatILearnedApp.swift */ = {isa = PBXFileReference; lastKnownFileType = sourcecode.swift; path = WhatILearnedApp.swift; sourceTree = "<group>"; };
		2A7875E7299D7264001450F6 /* ContentView.swift */ = {isa = PBXFileReference; lastKnownFileType = sourcecode.swift; path = ContentView.swift; sourceTree = "<group>"; };
		2A7875E9299D7265001450F6 /* Assets.xcassets */ = {isa = PBXFileReference; lastKnownFileType = folder.assetcatalog; path = Assets.xcassets; sourceTree = "<group>"; };
		2A7875EB299D7265001450F6 /* WhatILearned.entitlements */ = {isa = PBXFileReference; lastKnownFileType = text.plist.entitlements; path = WhatILearned.entitlements; sourceTree = "<group>"; };
		2A7875ED299D7265001450F6 /* Preview Assets.xcassets */ = {isa = PBXFileReference; lastKnownFileType = folder.assetcatalog; path = "Preview Assets.xcassets"; sourceTree = "<group>"; };
		2A7875F3299D7265001450F6 /* WhatILearnedTests.xctest */ = {isa = PBXFileReference; explicitFileType = wrapper.cfbundle; includeInIndex = 0; path = WhatILearnedTests.xctest; sourceTree = BUILT_PRODUCTS_DIR; };
		2A7875F7299D7265001450F6 /* WhatILearnedTests.swift */ = {isa = PBXFileReference; lastKnownFileType = sourcecode.swift; path = WhatILearnedTests.swift; sourceTree = "<group>"; };
		2A7875FD299D7265001450F6 /* WhatILearnedUITests.xctest */ = {isa = PBXFileReference; explicitFileType = wrapper.cfbundle; includeInIndex = 0; path = WhatILearnedUITests.xctest; sourceTree = BUILT_PRODUCTS_DIR; };
		2A787601299D7265001450F6 /* WhatILearnedUITests.swift */ = {isa = PBXFileReference; lastKnownFileType = sourcecode.swift; path = WhatILearnedUITests.swift; sourceTree = "<group>"; };
		2A787603299D7265001450F6 /* WhatILearnedUITestsLaunchTests.swift */ = {isa = PBXFileReference; lastKnownFileType = sourcecode.swift; path = WhatILearnedUITestsLaunchTests.swift; sourceTree = "<group>"; };
		2A9DED5A29AB7D200092D549 /* menu.json */ = {isa = PBXFileReference; fileEncoding = 4; lastKnownFileType = text.json; path = menu.json; sourceTree = "<group>"; };
		2A9DED5E29AB832C0092D549 /* Bundle+decode.swift */ = {isa = PBXFileReference; lastKnownFileType = sourcecode.swift; path = "Bundle+decode.swift"; sourceTree = "<group>"; };
		2AFA7A442A7AC1610006BDDF /* Colors.swift */ = {isa = PBXFileReference; lastKnownFileType = sourcecode.swift; path = Colors.swift; sourceTree = "<group>"; };
		2AFA7A482A7C31E80006BDDF /* SchemeType.swift */ = {isa = PBXFileReference; lastKnownFileType = sourcecode.swift; path = SchemeType.swift; sourceTree = "<group>"; };
		2AFA7A4C2A7D96560006BDDF /* MenuViewModel.swift */ = {isa = PBXFileReference; fileEncoding = 4; lastKnownFileType = sourcecode.swift; name = MenuViewModel.swift; path = UI/Menu/MenuViewModel.swift; sourceTree = "<group>"; };
		2AFA7A4D2A7D96560006BDDF /* MenuView.swift */ = {isa = PBXFileReference; fileEncoding = 4; lastKnownFileType = sourcecode.swift; name = MenuView.swift; path = UI/Menu/MenuView.swift; sourceTree = "<group>"; };
		2AFA7A4E2A7D96560006BDDF /* MenuCoordinator.swift */ = {isa = PBXFileReference; fileEncoding = 4; lastKnownFileType = sourcecode.swift; name = MenuCoordinator.swift; path = UI/Menu/MenuCoordinator.swift; sourceTree = "<group>"; };
		2AFA7A532A7D966C0006BDDF /* HomeView.swift */ = {isa = PBXFileReference; fileEncoding = 4; lastKnownFileType = sourcecode.swift; name = HomeView.swift; path = UI/Home/HomeView.swift; sourceTree = "<group>"; };
		2AFA7A542A7D966C0006BDDF /* HomeCoordinator.swift */ = {isa = PBXFileReference; fileEncoding = 4; lastKnownFileType = sourcecode.swift; name = HomeCoordinator.swift; path = UI/Home/HomeCoordinator.swift; sourceTree = "<group>"; };
		2AFA7A572A7D969E0006BDDF /* Navigation.swift */ = {isa = PBXFileReference; fileEncoding = 4; lastKnownFileType = sourcecode.swift; path = Navigation.swift; sourceTree = "<group>"; };
		2AFA7A5A2A7D96D50006BDDF /* Menu.swift */ = {isa = PBXFileReference; fileEncoding = 4; lastKnownFileType = sourcecode.swift; name = Menu.swift; path = Models/Menu.swift; sourceTree = "<group>"; };
		2AFA7A5C2A7D99600006BDDF /* SettingTab.swift */ = {isa = PBXFileReference; lastKnownFileType = sourcecode.swift; path = SettingTab.swift; sourceTree = "<group>"; };
		2AFA7A982A818E580006BDDF /* Person.swift */ = {isa = PBXFileReference; lastKnownFileType = sourcecode.swift; path = Person.swift; sourceTree = "<group>"; };
		2AFA7A9A2A818E740006BDDF /* Article.swift */ = {isa = PBXFileReference; lastKnownFileType = sourcecode.swift; path = Article.swift; sourceTree = "<group>"; };
		2AFA7A9D2A818EE70006BDDF /* ChrisNavigation.swift */ = {isa = PBXFileReference; lastKnownFileType = sourcecode.swift; path = ChrisNavigation.swift; sourceTree = "<group>"; };
		703FCBC88B3876BF71F38400 /* Pods-WhatILearned.debug.xcconfig */ = {isa = PBXFileReference; includeInIndex = 1; lastKnownFileType = text.xcconfig; name = "Pods-WhatILearned.debug.xcconfig"; path = "Target Support Files/Pods-WhatILearned/Pods-WhatILearned.debug.xcconfig"; sourceTree = "<group>"; };
		85BE3A862777F35DA5E323B9 /* Pods-WhatILearnedTests.release.xcconfig */ = {isa = PBXFileReference; includeInIndex = 1; lastKnownFileType = text.xcconfig; name = "Pods-WhatILearnedTests.release.xcconfig"; path = "Target Support Files/Pods-WhatILearnedTests/Pods-WhatILearnedTests.release.xcconfig"; sourceTree = "<group>"; };
		A0FF8219A5592B1A6D8E8807 /* Pods-WhatILearned-WhatILearnedUITests.debug.xcconfig */ = {isa = PBXFileReference; includeInIndex = 1; lastKnownFileType = text.xcconfig; name = "Pods-WhatILearned-WhatILearnedUITests.debug.xcconfig"; path = "Target Support Files/Pods-WhatILearned-WhatILearnedUITests/Pods-WhatILearned-WhatILearnedUITests.debug.xcconfig"; sourceTree = "<group>"; };
		A395B16BABD98F5E70FC2056 /* Pods_WhatILearnedTests.framework */ = {isa = PBXFileReference; explicitFileType = wrapper.framework; includeInIndex = 0; path = Pods_WhatILearnedTests.framework; sourceTree = BUILT_PRODUCTS_DIR; };
		C0A11989C5BF73BCB90F901A /* Pods-WhatILearned-WhatILearnedUITests.release.xcconfig */ = {isa = PBXFileReference; includeInIndex = 1; lastKnownFileType = text.xcconfig; name = "Pods-WhatILearned-WhatILearnedUITests.release.xcconfig"; path = "Target Support Files/Pods-WhatILearned-WhatILearnedUITests/Pods-WhatILearned-WhatILearnedUITests.release.xcconfig"; sourceTree = "<group>"; };
		E0BAEE4548DC37CA211E1AA4 /* Pods_WhatILearned.framework */ = {isa = PBXFileReference; explicitFileType = wrapper.framework; includeInIndex = 0; path = Pods_WhatILearned.framework; sourceTree = BUILT_PRODUCTS_DIR; };
		E3FC937516220251FDC989C2 /* Pods-WhatILearnedTests.debug.xcconfig */ = {isa = PBXFileReference; includeInIndex = 1; lastKnownFileType = text.xcconfig; name = "Pods-WhatILearnedTests.debug.xcconfig"; path = "Target Support Files/Pods-WhatILearnedTests/Pods-WhatILearnedTests.debug.xcconfig"; sourceTree = "<group>"; };
/* End PBXFileReference section */

/* Begin PBXFrameworksBuildPhase section */
		2A7875DF299D7264001450F6 /* Frameworks */ = {
			isa = PBXFrameworksBuildPhase;
			buildActionMask = 2147483647;
			files = (
				2AFA7A432A79280B0006BDDF /* ComposableArchitecture in Frameworks */,
				F100A27B9BF15FDD64DA5AA7 /* Pods_WhatILearned.framework in Frameworks */,
			);
			runOnlyForDeploymentPostprocessing = 0;
		};
		2A7875F0299D7265001450F6 /* Frameworks */ = {
			isa = PBXFrameworksBuildPhase;
			buildActionMask = 2147483647;
			files = (
				3B09D2C1FB000FFD5A248169 /* Pods_WhatILearnedTests.framework in Frameworks */,
			);
			runOnlyForDeploymentPostprocessing = 0;
		};
		2A7875FA299D7265001450F6 /* Frameworks */ = {
			isa = PBXFrameworksBuildPhase;
			buildActionMask = 2147483647;
			files = (
				2B242C5CE51532B87D02A275 /* Pods_WhatILearned_WhatILearnedUITests.framework in Frameworks */,
			);
			runOnlyForDeploymentPostprocessing = 0;
		};
/* End PBXFrameworksBuildPhase section */

/* Begin PBXGroup section */
		2A7875D9299D7264001450F6 = {
			isa = PBXGroup;
			children = (
				2A7875E4299D7264001450F6 /* WhatILearned */,
				2A7875F6299D7265001450F6 /* WhatILearnedTests */,
				2A787600299D7265001450F6 /* WhatILearnedUITests */,
				2A7875E3299D7264001450F6 /* Products */,
				62D056051DF08EEB6BC37EAA /* Pods */,
				3F344F2485208F08C705DC75 /* Frameworks */,
			);
			sourceTree = "<group>";
		};
		2A7875E3299D7264001450F6 /* Products */ = {
			isa = PBXGroup;
			children = (
				2A7875E2299D7264001450F6 /* WhatILearned.app */,
				2A7875F3299D7265001450F6 /* WhatILearnedTests.xctest */,
				2A7875FD299D7265001450F6 /* WhatILearnedUITests.xctest */,
			);
			name = Products;
			sourceTree = "<group>";
		};
		2A7875E4299D7264001450F6 /* WhatILearned */ = {
			isa = PBXGroup;
			children = (
				2AFA7AA02A818FBC0006BDDF /* Shared */,
				2AFA7A9F2A818F820006BDDF /* Projects */,
				2AFA7A592A7D96C90006BDDF /* Models */,
				2AFA7A572A7D969E0006BDDF /* Navigation.swift */,
				2AFA7A4A2A7D963F0006BDDF /* UI */,
				2A7875E5299D7264001450F6 /* WhatILearnedApp.swift */,
				2AFA7A482A7C31E80006BDDF /* SchemeType.swift */,
				2A7875E7299D7264001450F6 /* ContentView.swift */,
				2A7875EB299D7265001450F6 /* WhatILearned.entitlements */,
				2A7875EC299D7265001450F6 /* Preview Content */,
			);
			path = WhatILearned;
			sourceTree = "<group>";
		};
		2A7875EC299D7265001450F6 /* Preview Content */ = {
			isa = PBXGroup;
			children = (
				2A7875ED299D7265001450F6 /* Preview Assets.xcassets */,
			);
			path = "Preview Content";
			sourceTree = "<group>";
		};
		2A7875F6299D7265001450F6 /* WhatILearnedTests */ = {
			isa = PBXGroup;
			children = (
				2A7875F7299D7265001450F6 /* WhatILearnedTests.swift */,
			);
			path = WhatILearnedTests;
			sourceTree = "<group>";
		};
		2A787600299D7265001450F6 /* WhatILearnedUITests */ = {
			isa = PBXGroup;
			children = (
				2A787601299D7265001450F6 /* WhatILearnedUITests.swift */,
				2A787603299D7265001450F6 /* WhatILearnedUITestsLaunchTests.swift */,
			);
			path = WhatILearnedUITests;
			sourceTree = "<group>";
		};
		2A9DED6029AB834F0092D549 /* Extension */ = {
			isa = PBXGroup;
			children = (
				2A9DED5E29AB832C0092D549 /* Bundle+decode.swift */,
			);
			path = Extension;
			sourceTree = "<group>";
		};
		2A9DED6129AB83640092D549 /* Assets */ = {
			isa = PBXGroup;
			children = (
				2A7875E9299D7265001450F6 /* Assets.xcassets */,
				2A9DED5A29AB7D200092D549 /* menu.json */,
				2AFA7A442A7AC1610006BDDF /* Colors.swift */,
			);
			path = Assets;
			sourceTree = "<group>";
		};
		2AFA7A4A2A7D963F0006BDDF /* UI */ = {
			isa = PBXGroup;
			children = (
				2AFA7A9C2A818E900006BDDF /* Setting */,
				2AFA7A522A7D965A0006BDDF /* Home */,
				2AFA7A4B2A7D96480006BDDF /* Menu */,
			);
			name = UI;
			sourceTree = "<group>";
		};
		2AFA7A4B2A7D96480006BDDF /* Menu */ = {
			isa = PBXGroup;
			children = (
				2AFA7A4E2A7D96560006BDDF /* MenuCoordinator.swift */,
				2AFA7A4D2A7D96560006BDDF /* MenuView.swift */,
				2AFA7A4C2A7D96560006BDDF /* MenuViewModel.swift */,
			);
			name = Menu;
			sourceTree = "<group>";
		};
		2AFA7A522A7D965A0006BDDF /* Home */ = {
			isa = PBXGroup;
			children = (
				2AFA7A542A7D966C0006BDDF /* HomeCoordinator.swift */,
				2AFA7A532A7D966C0006BDDF /* HomeView.swift */,
			);
			name = Home;
			sourceTree = "<group>";
		};
		2AFA7A592A7D96C90006BDDF /* Models */ = {
			isa = PBXGroup;
			children = (
				2AFA7A5A2A7D96D50006BDDF /* Menu.swift */,
			);
			name = Models;
			sourceTree = "<group>";
		};
		2AFA7A962A818E120006BDDF /* ChrisNavigation */ = {
			isa = PBXGroup;
			children = (
				2AFA7A972A818E440006BDDF /* Models */,
				2AFA7A9D2A818EE70006BDDF /* ChrisNavigation.swift */,
			);
			path = ChrisNavigation;
			sourceTree = "<group>";
		};
		2AFA7A972A818E440006BDDF /* Models */ = {
			isa = PBXGroup;
			children = (
				2AFA7A982A818E580006BDDF /* Person.swift */,
				2AFA7A9A2A818E740006BDDF /* Article.swift */,
			);
			path = Models;
			sourceTree = "<group>";
		};
		2AFA7A9C2A818E900006BDDF /* Setting */ = {
			isa = PBXGroup;
			children = (
				2AFA7A5C2A7D99600006BDDF /* SettingTab.swift */,
			);
			name = Setting;
			sourceTree = "<group>";
		};
		2AFA7A9F2A818F820006BDDF /* Projects */ = {
			isa = PBXGroup;
			children = (
				2AFA7A962A818E120006BDDF /* ChrisNavigation */,
			);
			path = Projects;
			sourceTree = "<group>";
		};
		2AFA7AA02A818FBC0006BDDF /* Shared */ = {
			isa = PBXGroup;
			children = (
				2A9DED6129AB83640092D549 /* Assets */,
				2A9DED6029AB834F0092D549 /* Extension */,
			);
			path = Shared;
			sourceTree = "<group>";
		};
		3F344F2485208F08C705DC75 /* Frameworks */ = {
			isa = PBXGroup;
			children = (
				E0BAEE4548DC37CA211E1AA4 /* Pods_WhatILearned.framework */,
				07687C1A79A8B38A05BA9365 /* Pods_WhatILearned_WhatILearnedUITests.framework */,
				A395B16BABD98F5E70FC2056 /* Pods_WhatILearnedTests.framework */,
			);
			name = Frameworks;
			sourceTree = "<group>";
		};
		62D056051DF08EEB6BC37EAA /* Pods */ = {
			isa = PBXGroup;
			children = (
				703FCBC88B3876BF71F38400 /* Pods-WhatILearned.debug.xcconfig */,
				02480B845C7DBFC72C6760DA /* Pods-WhatILearned.release.xcconfig */,
				A0FF8219A5592B1A6D8E8807 /* Pods-WhatILearned-WhatILearnedUITests.debug.xcconfig */,
				C0A11989C5BF73BCB90F901A /* Pods-WhatILearned-WhatILearnedUITests.release.xcconfig */,
				E3FC937516220251FDC989C2 /* Pods-WhatILearnedTests.debug.xcconfig */,
				85BE3A862777F35DA5E323B9 /* Pods-WhatILearnedTests.release.xcconfig */,
			);
			path = Pods;
			sourceTree = "<group>";
		};
/* End PBXGroup section */

/* Begin PBXNativeTarget section */
		2A7875E1299D7264001450F6 /* WhatILearned */ = {
			isa = PBXNativeTarget;
			buildConfigurationList = 2A787607299D7265001450F6 /* Build configuration list for PBXNativeTarget "WhatILearned" */;
			buildPhases = (
				15FDA4F150D9BB505774E24A /* [CP] Check Pods Manifest.lock */,
				2A7875DE299D7264001450F6 /* Sources */,
				2A7875DF299D7264001450F6 /* Frameworks */,
				2A7875E0299D7264001450F6 /* Resources */,
				2AFA7A402A7645920006BDDF /* ShellScript */,
			);
			buildRules = (
			);
			dependencies = (
			);
			name = WhatILearned;
			packageProductDependencies = (
				2AFA7A422A79280B0006BDDF /* ComposableArchitecture */,
			);
			productName = WhatILearned;
			productReference = 2A7875E2299D7264001450F6 /* WhatILearned.app */;
			productType = "com.apple.product-type.application";
		};
		2A7875F2299D7265001450F6 /* WhatILearnedTests */ = {
			isa = PBXNativeTarget;
			buildConfigurationList = 2A78760A299D7265001450F6 /* Build configuration list for PBXNativeTarget "WhatILearnedTests" */;
			buildPhases = (
				F72BBBCCB4D407E2AAAF0307 /* [CP] Check Pods Manifest.lock */,
				2A7875EF299D7265001450F6 /* Sources */,
				2A7875F0299D7265001450F6 /* Frameworks */,
				2A7875F1299D7265001450F6 /* Resources */,
			);
			buildRules = (
			);
			dependencies = (
				2A7875F5299D7265001450F6 /* PBXTargetDependency */,
			);
			name = WhatILearnedTests;
			productName = WhatILearnedTests;
			productReference = 2A7875F3299D7265001450F6 /* WhatILearnedTests.xctest */;
			productType = "com.apple.product-type.bundle.unit-test";
		};
		2A7875FC299D7265001450F6 /* WhatILearnedUITests */ = {
			isa = PBXNativeTarget;
			buildConfigurationList = 2A78760D299D7265001450F6 /* Build configuration list for PBXNativeTarget "WhatILearnedUITests" */;
			buildPhases = (
				8BA464BD9014F8A3F98357CB /* [CP] Check Pods Manifest.lock */,
				2A7875F9299D7265001450F6 /* Sources */,
				2A7875FA299D7265001450F6 /* Frameworks */,
				2A7875FB299D7265001450F6 /* Resources */,
			);
			buildRules = (
			);
			dependencies = (
				2A7875FF299D7265001450F6 /* PBXTargetDependency */,
			);
			name = WhatILearnedUITests;
			productName = WhatILearnedUITests;
			productReference = 2A7875FD299D7265001450F6 /* WhatILearnedUITests.xctest */;
			productType = "com.apple.product-type.bundle.ui-testing";
		};
/* End PBXNativeTarget section */

/* Begin PBXProject section */
		2A7875DA299D7264001450F6 /* Project object */ = {
			isa = PBXProject;
			attributes = {
				BuildIndependentTargetsInParallel = 1;
				LastSwiftUpdateCheck = 1420;
				LastUpgradeCheck = 1420;
				TargetAttributes = {
					2A7875E1299D7264001450F6 = {
						CreatedOnToolsVersion = 14.2;
					};
					2A7875F2299D7265001450F6 = {
						CreatedOnToolsVersion = 14.2;
						TestTargetID = 2A7875E1299D7264001450F6;
					};
					2A7875FC299D7265001450F6 = {
						CreatedOnToolsVersion = 14.2;
						TestTargetID = 2A7875E1299D7264001450F6;
					};
				};
			};
			buildConfigurationList = 2A7875DD299D7264001450F6 /* Build configuration list for PBXProject "WhatILearned" */;
			compatibilityVersion = "Xcode 14.0";
			developmentRegion = en;
			hasScannedForEncodings = 0;
			knownRegions = (
				en,
				Base,
			);
			mainGroup = 2A7875D9299D7264001450F6;
			packageReferences = (
				2AFA7A412A79280B0006BDDF /* XCRemoteSwiftPackageReference "swift-composable-architecture" */,
			);
			productRefGroup = 2A7875E3299D7264001450F6 /* Products */;
			projectDirPath = "";
			projectRoot = "";
			targets = (
				2A7875E1299D7264001450F6 /* WhatILearned */,
				2A7875F2299D7265001450F6 /* WhatILearnedTests */,
				2A7875FC299D7265001450F6 /* WhatILearnedUITests */,
			);
		};
/* End PBXProject section */

/* Begin PBXResourcesBuildPhase section */
		2A7875E0299D7264001450F6 /* Resources */ = {
			isa = PBXResourcesBuildPhase;
			buildActionMask = 2147483647;
			files = (
				2A9DED5B29AB7D200092D549 /* menu.json in Resources */,
				2A7875EE299D7265001450F6 /* Preview Assets.xcassets in Resources */,
				2A7875EA299D7265001450F6 /* Assets.xcassets in Resources */,
			);
			runOnlyForDeploymentPostprocessing = 0;
		};
		2A7875F1299D7265001450F6 /* Resources */ = {
			isa = PBXResourcesBuildPhase;
			buildActionMask = 2147483647;
			files = (
			);
			runOnlyForDeploymentPostprocessing = 0;
		};
		2A7875FB299D7265001450F6 /* Resources */ = {
			isa = PBXResourcesBuildPhase;
			buildActionMask = 2147483647;
			files = (
			);
			runOnlyForDeploymentPostprocessing = 0;
		};
/* End PBXResourcesBuildPhase section */

/* Begin PBXShellScriptBuildPhase section */
		15FDA4F150D9BB505774E24A /* [CP] Check Pods Manifest.lock */ = {
			isa = PBXShellScriptBuildPhase;
			buildActionMask = 2147483647;
			files = (
			);
			inputFileListPaths = (
			);
			inputPaths = (
				"${PODS_PODFILE_DIR_PATH}/Podfile.lock",
				"${PODS_ROOT}/Manifest.lock",
			);
			name = "[CP] Check Pods Manifest.lock";
			outputFileListPaths = (
			);
			outputPaths = (
				"$(DERIVED_FILE_DIR)/Pods-WhatILearned-checkManifestLockResult.txt",
			);
			runOnlyForDeploymentPostprocessing = 0;
			shellPath = /bin/sh;
			shellScript = "diff \"${PODS_PODFILE_DIR_PATH}/Podfile.lock\" \"${PODS_ROOT}/Manifest.lock\" > /dev/null\nif [ $? != 0 ] ; then\n    # print error to STDERR\n    echo \"error: The sandbox is not in sync with the Podfile.lock. Run 'pod install' or update your CocoaPods installation.\" >&2\n    exit 1\nfi\n# This output is used by Xcode 'outputs' to avoid re-running this script phase.\necho \"SUCCESS\" > \"${SCRIPT_OUTPUT_FILE_0}\"\n";
			showEnvVarsInLog = 0;
		};
		2AFA7A402A7645920006BDDF /* ShellScript */ = {
			isa = PBXShellScriptBuildPhase;
			buildActionMask = 2147483647;
			files = (
			);
			inputFileListPaths = (
			);
			inputPaths = (
			);
			outputFileListPaths = (
			);
			outputPaths = (
			);
			runOnlyForDeploymentPostprocessing = 0;
			shellPath = /bin/sh;
			shellScript = "# Type a script or drag a script file from your workspace to insert its path.\nif [[ \"$(uname -m)\" == arm64 ]]; then\n    export PATH=\"/opt/homebrew/bin:$PATH\"\nfi\n\nif which swiftlint > /dev/null; then\n  swiftlint\nelse\n  echo \"warning: SwiftLint not installed, download from https://github.com/realm/SwiftLint\"\nfi\n";
		};
		8BA464BD9014F8A3F98357CB /* [CP] Check Pods Manifest.lock */ = {
			isa = PBXShellScriptBuildPhase;
			buildActionMask = 2147483647;
			files = (
			);
			inputFileListPaths = (
			);
			inputPaths = (
				"${PODS_PODFILE_DIR_PATH}/Podfile.lock",
				"${PODS_ROOT}/Manifest.lock",
			);
			name = "[CP] Check Pods Manifest.lock";
			outputFileListPaths = (
			);
			outputPaths = (
				"$(DERIVED_FILE_DIR)/Pods-WhatILearned-WhatILearnedUITests-checkManifestLockResult.txt",
			);
			runOnlyForDeploymentPostprocessing = 0;
			shellPath = /bin/sh;
			shellScript = "diff \"${PODS_PODFILE_DIR_PATH}/Podfile.lock\" \"${PODS_ROOT}/Manifest.lock\" > /dev/null\nif [ $? != 0 ] ; then\n    # print error to STDERR\n    echo \"error: The sandbox is not in sync with the Podfile.lock. Run 'pod install' or update your CocoaPods installation.\" >&2\n    exit 1\nfi\n# This output is used by Xcode 'outputs' to avoid re-running this script phase.\necho \"SUCCESS\" > \"${SCRIPT_OUTPUT_FILE_0}\"\n";
			showEnvVarsInLog = 0;
		};
		F72BBBCCB4D407E2AAAF0307 /* [CP] Check Pods Manifest.lock */ = {
			isa = PBXShellScriptBuildPhase;
			buildActionMask = 2147483647;
			files = (
			);
			inputFileListPaths = (
			);
			inputPaths = (
				"${PODS_PODFILE_DIR_PATH}/Podfile.lock",
				"${PODS_ROOT}/Manifest.lock",
			);
			name = "[CP] Check Pods Manifest.lock";
			outputFileListPaths = (
			);
			outputPaths = (
				"$(DERIVED_FILE_DIR)/Pods-WhatILearnedTests-checkManifestLockResult.txt",
			);
			runOnlyForDeploymentPostprocessing = 0;
			shellPath = /bin/sh;
			shellScript = "diff \"${PODS_PODFILE_DIR_PATH}/Podfile.lock\" \"${PODS_ROOT}/Manifest.lock\" > /dev/null\nif [ $? != 0 ] ; then\n    # print error to STDERR\n    echo \"error: The sandbox is not in sync with the Podfile.lock. Run 'pod install' or update your CocoaPods installation.\" >&2\n    exit 1\nfi\n# This output is used by Xcode 'outputs' to avoid re-running this script phase.\necho \"SUCCESS\" > \"${SCRIPT_OUTPUT_FILE_0}\"\n";
			showEnvVarsInLog = 0;
		};
/* End PBXShellScriptBuildPhase section */

/* Begin PBXSourcesBuildPhase section */
		2A7875DE299D7264001450F6 /* Sources */ = {
			isa = PBXSourcesBuildPhase;
			buildActionMask = 2147483647;
			files = (
				2AFA7A552A7D966C0006BDDF /* HomeView.swift in Sources */,
				2AFA7A502A7D96560006BDDF /* MenuView.swift in Sources */,
				2AFA7A512A7D96560006BDDF /* MenuCoordinator.swift in Sources */,
				2AFA7A582A7D969E0006BDDF /* Navigation.swift in Sources */,
				2AFA7A992A818E580006BDDF /* Person.swift in Sources */,
				2AFA7A5D2A7D99600006BDDF /* SettingTab.swift in Sources */,
				2AFA7A492A7C31E80006BDDF /* SchemeType.swift in Sources */,
				2AFA7A452A7AC1610006BDDF /* Colors.swift in Sources */,
				2AFA7A5B2A7D96D50006BDDF /* Menu.swift in Sources */,
				2AFA7A9E2A818EE80006BDDF /* ChrisNavigation.swift in Sources */,
				2A7875E8299D7264001450F6 /* ContentView.swift in Sources */,
				2AFA7A4F2A7D96560006BDDF /* MenuViewModel.swift in Sources */,
				2AFA7A562A7D966C0006BDDF /* HomeCoordinator.swift in Sources */,
				2A7875E6299D7264001450F6 /* WhatILearnedApp.swift in Sources */,
				2A9DED5F29AB832C0092D549 /* Bundle+decode.swift in Sources */,
				2AFA7A9B2A818E740006BDDF /* Article.swift in Sources */,
			);
			runOnlyForDeploymentPostprocessing = 0;
		};
		2A7875EF299D7265001450F6 /* Sources */ = {
			isa = PBXSourcesBuildPhase;
			buildActionMask = 2147483647;
			files = (
				2A7875F8299D7265001450F6 /* WhatILearnedTests.swift in Sources */,
			);
			runOnlyForDeploymentPostprocessing = 0;
		};
		2A7875F9299D7265001450F6 /* Sources */ = {
			isa = PBXSourcesBuildPhase;
			buildActionMask = 2147483647;
			files = (
				2A787604299D7265001450F6 /* WhatILearnedUITestsLaunchTests.swift in Sources */,
				2A787602299D7265001450F6 /* WhatILearnedUITests.swift in Sources */,
			);
			runOnlyForDeploymentPostprocessing = 0;
		};
/* End PBXSourcesBuildPhase section */

/* Begin PBXTargetDependency section */
		2A7875F5299D7265001450F6 /* PBXTargetDependency */ = {
			isa = PBXTargetDependency;
			target = 2A7875E1299D7264001450F6 /* WhatILearned */;
			targetProxy = 2A7875F4299D7265001450F6 /* PBXContainerItemProxy */;
		};
		2A7875FF299D7265001450F6 /* PBXTargetDependency */ = {
			isa = PBXTargetDependency;
			target = 2A7875E1299D7264001450F6 /* WhatILearned */;
			targetProxy = 2A7875FE299D7265001450F6 /* PBXContainerItemProxy */;
		};
/* End PBXTargetDependency section */

/* Begin XCBuildConfiguration section */
		2A787605299D7265001450F6 /* Debug */ = {
			isa = XCBuildConfiguration;
			buildSettings = {
				ALWAYS_SEARCH_USER_PATHS = NO;
				CLANG_ANALYZER_NONNULL = YES;
				CLANG_ANALYZER_NUMBER_OBJECT_CONVERSION = YES_AGGRESSIVE;
				CLANG_CXX_LANGUAGE_STANDARD = "gnu++20";
				CLANG_ENABLE_MODULES = YES;
				CLANG_ENABLE_OBJC_ARC = YES;
				CLANG_ENABLE_OBJC_WEAK = YES;
				CLANG_WARN_BLOCK_CAPTURE_AUTORELEASING = YES;
				CLANG_WARN_BOOL_CONVERSION = YES;
				CLANG_WARN_COMMA = YES;
				CLANG_WARN_CONSTANT_CONVERSION = YES;
				CLANG_WARN_DEPRECATED_OBJC_IMPLEMENTATIONS = YES;
				CLANG_WARN_DIRECT_OBJC_ISA_USAGE = YES_ERROR;
				CLANG_WARN_DOCUMENTATION_COMMENTS = YES;
				CLANG_WARN_EMPTY_BODY = YES;
				CLANG_WARN_ENUM_CONVERSION = YES;
				CLANG_WARN_INFINITE_RECURSION = YES;
				CLANG_WARN_INT_CONVERSION = YES;
				CLANG_WARN_NON_LITERAL_NULL_CONVERSION = YES;
				CLANG_WARN_OBJC_IMPLICIT_RETAIN_SELF = YES;
				CLANG_WARN_OBJC_LITERAL_CONVERSION = YES;
				CLANG_WARN_OBJC_ROOT_CLASS = YES_ERROR;
				CLANG_WARN_QUOTED_INCLUDE_IN_FRAMEWORK_HEADER = YES;
				CLANG_WARN_RANGE_LOOP_ANALYSIS = YES;
				CLANG_WARN_STRICT_PROTOTYPES = YES;
				CLANG_WARN_SUSPICIOUS_MOVE = YES;
				CLANG_WARN_UNGUARDED_AVAILABILITY = YES_AGGRESSIVE;
				CLANG_WARN_UNREACHABLE_CODE = YES;
				CLANG_WARN__DUPLICATE_METHOD_MATCH = YES;
				COPY_PHASE_STRIP = NO;
				DEBUG_INFORMATION_FORMAT = dwarf;
				ENABLE_STRICT_OBJC_MSGSEND = YES;
				ENABLE_TESTABILITY = YES;
				GCC_C_LANGUAGE_STANDARD = gnu11;
				GCC_DYNAMIC_NO_PIC = NO;
				GCC_NO_COMMON_BLOCKS = YES;
				GCC_OPTIMIZATION_LEVEL = 0;
				GCC_PREPROCESSOR_DEFINITIONS = (
					"DEBUG=1",
					"$(inherited)",
				);
				GCC_WARN_64_TO_32_BIT_CONVERSION = YES;
				GCC_WARN_ABOUT_RETURN_TYPE = YES_ERROR;
				GCC_WARN_UNDECLARED_SELECTOR = YES;
				GCC_WARN_UNINITIALIZED_AUTOS = YES_AGGRESSIVE;
				GCC_WARN_UNUSED_FUNCTION = YES;
				GCC_WARN_UNUSED_VARIABLE = YES;
				MTL_ENABLE_DEBUG_INFO = INCLUDE_SOURCE;
				MTL_FAST_MATH = YES;
				ONLY_ACTIVE_ARCH = YES;
				SWIFT_ACTIVE_COMPILATION_CONDITIONS = DEBUG;
				SWIFT_OPTIMIZATION_LEVEL = "-Onone";
			};
			name = Debug;
		};
		2A787606299D7265001450F6 /* Release */ = {
			isa = XCBuildConfiguration;
			buildSettings = {
				ALWAYS_SEARCH_USER_PATHS = NO;
				CLANG_ANALYZER_NONNULL = YES;
				CLANG_ANALYZER_NUMBER_OBJECT_CONVERSION = YES_AGGRESSIVE;
				CLANG_CXX_LANGUAGE_STANDARD = "gnu++20";
				CLANG_ENABLE_MODULES = YES;
				CLANG_ENABLE_OBJC_ARC = YES;
				CLANG_ENABLE_OBJC_WEAK = YES;
				CLANG_WARN_BLOCK_CAPTURE_AUTORELEASING = YES;
				CLANG_WARN_BOOL_CONVERSION = YES;
				CLANG_WARN_COMMA = YES;
				CLANG_WARN_CONSTANT_CONVERSION = YES;
				CLANG_WARN_DEPRECATED_OBJC_IMPLEMENTATIONS = YES;
				CLANG_WARN_DIRECT_OBJC_ISA_USAGE = YES_ERROR;
				CLANG_WARN_DOCUMENTATION_COMMENTS = YES;
				CLANG_WARN_EMPTY_BODY = YES;
				CLANG_WARN_ENUM_CONVERSION = YES;
				CLANG_WARN_INFINITE_RECURSION = YES;
				CLANG_WARN_INT_CONVERSION = YES;
				CLANG_WARN_NON_LITERAL_NULL_CONVERSION = YES;
				CLANG_WARN_OBJC_IMPLICIT_RETAIN_SELF = YES;
				CLANG_WARN_OBJC_LITERAL_CONVERSION = YES;
				CLANG_WARN_OBJC_ROOT_CLASS = YES_ERROR;
				CLANG_WARN_QUOTED_INCLUDE_IN_FRAMEWORK_HEADER = YES;
				CLANG_WARN_RANGE_LOOP_ANALYSIS = YES;
				CLANG_WARN_STRICT_PROTOTYPES = YES;
				CLANG_WARN_SUSPICIOUS_MOVE = YES;
				CLANG_WARN_UNGUARDED_AVAILABILITY = YES_AGGRESSIVE;
				CLANG_WARN_UNREACHABLE_CODE = YES;
				CLANG_WARN__DUPLICATE_METHOD_MATCH = YES;
				COPY_PHASE_STRIP = NO;
				DEBUG_INFORMATION_FORMAT = "dwarf-with-dsym";
				ENABLE_NS_ASSERTIONS = NO;
				ENABLE_STRICT_OBJC_MSGSEND = YES;
				GCC_C_LANGUAGE_STANDARD = gnu11;
				GCC_NO_COMMON_BLOCKS = YES;
				GCC_WARN_64_TO_32_BIT_CONVERSION = YES;
				GCC_WARN_ABOUT_RETURN_TYPE = YES_ERROR;
				GCC_WARN_UNDECLARED_SELECTOR = YES;
				GCC_WARN_UNINITIALIZED_AUTOS = YES_AGGRESSIVE;
				GCC_WARN_UNUSED_FUNCTION = YES;
				GCC_WARN_UNUSED_VARIABLE = YES;
				MTL_ENABLE_DEBUG_INFO = NO;
				MTL_FAST_MATH = YES;
				SWIFT_COMPILATION_MODE = wholemodule;
				SWIFT_OPTIMIZATION_LEVEL = "-O";
			};
			name = Release;
		};
		2A787608299D7265001450F6 /* Debug */ = {
			isa = XCBuildConfiguration;
			baseConfigurationReference = 703FCBC88B3876BF71F38400 /* Pods-WhatILearned.debug.xcconfig */;
			buildSettings = {
				ASSETCATALOG_COMPILER_APPICON_NAME = AppIcon;
				ASSETCATALOG_COMPILER_GLOBAL_ACCENT_COLOR_NAME = AccentColor;
				CODE_SIGN_ENTITLEMENTS = WhatILearned/WhatILearned.entitlements;
				CODE_SIGN_IDENTITY = "Apple Development";
				CODE_SIGN_STYLE = Automatic;
				CURRENT_PROJECT_VERSION = 1;
				DEVELOPMENT_ASSET_PATHS = "\"WhatILearned/Preview Content\"";
				DEVELOPMENT_TEAM = WV7G3G5SGX;
				ENABLE_HARDENED_RUNTIME = YES;
				ENABLE_PREVIEWS = YES;
				GENERATE_INFOPLIST_FILE = YES;
				"INFOPLIST_KEY_UIApplicationSceneManifest_Generation[sdk=iphoneos*]" = YES;
				"INFOPLIST_KEY_UIApplicationSceneManifest_Generation[sdk=iphonesimulator*]" = YES;
				"INFOPLIST_KEY_UIApplicationSupportsIndirectInputEvents[sdk=iphoneos*]" = YES;
				"INFOPLIST_KEY_UIApplicationSupportsIndirectInputEvents[sdk=iphonesimulator*]" = YES;
				"INFOPLIST_KEY_UILaunchScreen_Generation[sdk=iphoneos*]" = YES;
				"INFOPLIST_KEY_UILaunchScreen_Generation[sdk=iphonesimulator*]" = YES;
				"INFOPLIST_KEY_UIStatusBarStyle[sdk=iphoneos*]" = UIStatusBarStyleDefault;
				"INFOPLIST_KEY_UIStatusBarStyle[sdk=iphonesimulator*]" = UIStatusBarStyleDefault;
				INFOPLIST_KEY_UISupportedInterfaceOrientations_iPad = "UIInterfaceOrientationPortrait UIInterfaceOrientationPortraitUpsideDown UIInterfaceOrientationLandscapeLeft UIInterfaceOrientationLandscapeRight";
				INFOPLIST_KEY_UISupportedInterfaceOrientations_iPhone = "UIInterfaceOrientationPortrait UIInterfaceOrientationLandscapeLeft UIInterfaceOrientationLandscapeRight";
				IPHONEOS_DEPLOYMENT_TARGET = 16.2;
				LD_RUNPATH_SEARCH_PATHS = "@executable_path/Frameworks";
				"LD_RUNPATH_SEARCH_PATHS[sdk=macosx*]" = "@executable_path/../Frameworks";
				MACOSX_DEPLOYMENT_TARGET = 13.1;
				MARKETING_VERSION = 1.0;
				PRODUCT_BUNDLE_IDENTIFIER = hamedgh.ir.WhatILearned;
				PRODUCT_NAME = "$(TARGET_NAME)";
				PROVISIONING_PROFILE_SPECIFIER = "";
				SDKROOT = auto;
				SUPPORTED_PLATFORMS = "iphoneos iphonesimulator";
				SUPPORTS_MACCATALYST = NO;
				SUPPORTS_MAC_DESIGNED_FOR_IPHONE_IPAD = NO;
				SWIFT_EMIT_LOC_STRINGS = YES;
				SWIFT_VERSION = 5.0;
				TARGETED_DEVICE_FAMILY = 1;
			};
			name = Debug;
		};
		2A787609299D7265001450F6 /* Release */ = {
			isa = XCBuildConfiguration;
			baseConfigurationReference = 02480B845C7DBFC72C6760DA /* Pods-WhatILearned.release.xcconfig */;
			buildSettings = {
				ASSETCATALOG_COMPILER_APPICON_NAME = AppIcon;
				ASSETCATALOG_COMPILER_GLOBAL_ACCENT_COLOR_NAME = AccentColor;
				CODE_SIGN_ENTITLEMENTS = WhatILearned/WhatILearned.entitlements;
				CODE_SIGN_IDENTITY = "Apple Development";
				CODE_SIGN_STYLE = Automatic;
				CURRENT_PROJECT_VERSION = 1;
				DEVELOPMENT_ASSET_PATHS = "\"WhatILearned/Preview Content\"";
				DEVELOPMENT_TEAM = WV7G3G5SGX;
				ENABLE_HARDENED_RUNTIME = YES;
				ENABLE_PREVIEWS = YES;
				GENERATE_INFOPLIST_FILE = YES;
				"INFOPLIST_KEY_UIApplicationSceneManifest_Generation[sdk=iphoneos*]" = YES;
				"INFOPLIST_KEY_UIApplicationSceneManifest_Generation[sdk=iphonesimulator*]" = YES;
				"INFOPLIST_KEY_UIApplicationSupportsIndirectInputEvents[sdk=iphoneos*]" = YES;
				"INFOPLIST_KEY_UIApplicationSupportsIndirectInputEvents[sdk=iphonesimulator*]" = YES;
				"INFOPLIST_KEY_UILaunchScreen_Generation[sdk=iphoneos*]" = YES;
				"INFOPLIST_KEY_UILaunchScreen_Generation[sdk=iphonesimulator*]" = YES;
				"INFOPLIST_KEY_UIStatusBarStyle[sdk=iphoneos*]" = UIStatusBarStyleDefault;
				"INFOPLIST_KEY_UIStatusBarStyle[sdk=iphonesimulator*]" = UIStatusBarStyleDefault;
				INFOPLIST_KEY_UISupportedInterfaceOrientations_iPad = "UIInterfaceOrientationPortrait UIInterfaceOrientationPortraitUpsideDown UIInterfaceOrientationLandscapeLeft UIInterfaceOrientationLandscapeRight";
				INFOPLIST_KEY_UISupportedInterfaceOrientations_iPhone = "UIInterfaceOrientationPortrait UIInterfaceOrientationLandscapeLeft UIInterfaceOrientationLandscapeRight";
				IPHONEOS_DEPLOYMENT_TARGET = 16.2;
				LD_RUNPATH_SEARCH_PATHS = "@executable_path/Frameworks";
				"LD_RUNPATH_SEARCH_PATHS[sdk=macosx*]" = "@executable_path/../Frameworks";
				MACOSX_DEPLOYMENT_TARGET = 13.1;
				MARKETING_VERSION = 1.0;
				PRODUCT_BUNDLE_IDENTIFIER = hamedgh.ir.WhatILearned;
				PRODUCT_NAME = "$(TARGET_NAME)";
				PROVISIONING_PROFILE_SPECIFIER = "";
				SDKROOT = auto;
				SUPPORTED_PLATFORMS = "iphoneos iphonesimulator";
				SUPPORTS_MACCATALYST = NO;
				SUPPORTS_MAC_DESIGNED_FOR_IPHONE_IPAD = NO;
				SWIFT_EMIT_LOC_STRINGS = YES;
				SWIFT_VERSION = 5.0;
				TARGETED_DEVICE_FAMILY = 1;
			};
			name = Release;
		};
		2A78760B299D7265001450F6 /* Debug */ = {
			isa = XCBuildConfiguration;
			baseConfigurationReference = E3FC937516220251FDC989C2 /* Pods-WhatILearnedTests.debug.xcconfig */;
			buildSettings = {
				ALWAYS_EMBED_SWIFT_STANDARD_LIBRARIES = YES;
				BUNDLE_LOADER = "$(TEST_HOST)";
				CODE_SIGN_STYLE = Automatic;
				CURRENT_PROJECT_VERSION = 1;
				DEVELOPMENT_TEAM = CDQ479VRV3;
				GENERATE_INFOPLIST_FILE = YES;
				IPHONEOS_DEPLOYMENT_TARGET = 16.2;
				MACOSX_DEPLOYMENT_TARGET = 13.1;
				MARKETING_VERSION = 1.0;
				PRODUCT_BUNDLE_IDENTIFIER = hamedgh.ir.WhatILearnedTests;
				PRODUCT_NAME = "$(TARGET_NAME)";
				SDKROOT = auto;
				SUPPORTED_PLATFORMS = "iphoneos iphonesimulator macosx";
				SWIFT_EMIT_LOC_STRINGS = NO;
				SWIFT_VERSION = 5.0;
				TARGETED_DEVICE_FAMILY = "1,2";
				TEST_HOST = "$(BUILT_PRODUCTS_DIR)/WhatILearned.app/$(BUNDLE_EXECUTABLE_FOLDER_PATH)/WhatILearned";
			};
			name = Debug;
		};
		2A78760C299D7265001450F6 /* Release */ = {
			isa = XCBuildConfiguration;
			baseConfigurationReference = 85BE3A862777F35DA5E323B9 /* Pods-WhatILearnedTests.release.xcconfig */;
			buildSettings = {
				ALWAYS_EMBED_SWIFT_STANDARD_LIBRARIES = YES;
				BUNDLE_LOADER = "$(TEST_HOST)";
				CODE_SIGN_STYLE = Automatic;
				CURRENT_PROJECT_VERSION = 1;
				DEVELOPMENT_TEAM = CDQ479VRV3;
				GENERATE_INFOPLIST_FILE = YES;
				IPHONEOS_DEPLOYMENT_TARGET = 16.2;
				MACOSX_DEPLOYMENT_TARGET = 13.1;
				MARKETING_VERSION = 1.0;
				PRODUCT_BUNDLE_IDENTIFIER = hamedgh.ir.WhatILearnedTests;
				PRODUCT_NAME = "$(TARGET_NAME)";
				SDKROOT = auto;
				SUPPORTED_PLATFORMS = "iphoneos iphonesimulator macosx";
				SWIFT_EMIT_LOC_STRINGS = NO;
				SWIFT_VERSION = 5.0;
				TARGETED_DEVICE_FAMILY = "1,2";
				TEST_HOST = "$(BUILT_PRODUCTS_DIR)/WhatILearned.app/$(BUNDLE_EXECUTABLE_FOLDER_PATH)/WhatILearned";
			};
			name = Release;
		};
		2A78760E299D7265001450F6 /* Debug */ = {
			isa = XCBuildConfiguration;
			baseConfigurationReference = A0FF8219A5592B1A6D8E8807 /* Pods-WhatILearned-WhatILearnedUITests.debug.xcconfig */;
			buildSettings = {
				ALWAYS_EMBED_SWIFT_STANDARD_LIBRARIES = YES;
				CODE_SIGN_STYLE = Automatic;
				CURRENT_PROJECT_VERSION = 1;
				DEVELOPMENT_TEAM = CDQ479VRV3;
				GENERATE_INFOPLIST_FILE = YES;
				IPHONEOS_DEPLOYMENT_TARGET = 16.2;
				MACOSX_DEPLOYMENT_TARGET = 13.1;
				MARKETING_VERSION = 1.0;
				PRODUCT_BUNDLE_IDENTIFIER = hamedgh.ir.WhatILearnedUITests;
				PRODUCT_NAME = "$(TARGET_NAME)";
				SDKROOT = auto;
				SUPPORTED_PLATFORMS = "iphoneos iphonesimulator macosx";
				SWIFT_EMIT_LOC_STRINGS = NO;
				SWIFT_VERSION = 5.0;
				TARGETED_DEVICE_FAMILY = "1,2";
				TEST_TARGET_NAME = WhatILearned;
			};
			name = Debug;
		};
		2A78760F299D7265001450F6 /* Release */ = {
			isa = XCBuildConfiguration;
			baseConfigurationReference = C0A11989C5BF73BCB90F901A /* Pods-WhatILearned-WhatILearnedUITests.release.xcconfig */;
			buildSettings = {
				ALWAYS_EMBED_SWIFT_STANDARD_LIBRARIES = YES;
				CODE_SIGN_STYLE = Automatic;
				CURRENT_PROJECT_VERSION = 1;
				DEVELOPMENT_TEAM = CDQ479VRV3;
				GENERATE_INFOPLIST_FILE = YES;
				IPHONEOS_DEPLOYMENT_TARGET = 16.2;
				MACOSX_DEPLOYMENT_TARGET = 13.1;
				MARKETING_VERSION = 1.0;
				PRODUCT_BUNDLE_IDENTIFIER = hamedgh.ir.WhatILearnedUITests;
				PRODUCT_NAME = "$(TARGET_NAME)";
				SDKROOT = auto;
				SUPPORTED_PLATFORMS = "iphoneos iphonesimulator macosx";
				SWIFT_EMIT_LOC_STRINGS = NO;
				SWIFT_VERSION = 5.0;
				TARGETED_DEVICE_FAMILY = "1,2";
				TEST_TARGET_NAME = WhatILearned;
			};
			name = Release;
		};
/* End XCBuildConfiguration section */

/* Begin XCConfigurationList section */
		2A7875DD299D7264001450F6 /* Build configuration list for PBXProject "WhatILearned" */ = {
			isa = XCConfigurationList;
			buildConfigurations = (
				2A787605299D7265001450F6 /* Debug */,
				2A787606299D7265001450F6 /* Release */,
			);
			defaultConfigurationIsVisible = 0;
			defaultConfigurationName = Release;
		};
		2A787607299D7265001450F6 /* Build configuration list for PBXNativeTarget "WhatILearned" */ = {
			isa = XCConfigurationList;
			buildConfigurations = (
				2A787608299D7265001450F6 /* Debug */,
				2A787609299D7265001450F6 /* Release */,
			);
			defaultConfigurationIsVisible = 0;
			defaultConfigurationName = Release;
		};
		2A78760A299D7265001450F6 /* Build configuration list for PBXNativeTarget "WhatILearnedTests" */ = {
			isa = XCConfigurationList;
			buildConfigurations = (
				2A78760B299D7265001450F6 /* Debug */,
				2A78760C299D7265001450F6 /* Release */,
			);
			defaultConfigurationIsVisible = 0;
			defaultConfigurationName = Release;
		};
		2A78760D299D7265001450F6 /* Build configuration list for PBXNativeTarget "WhatILearnedUITests" */ = {
			isa = XCConfigurationList;
			buildConfigurations = (
				2A78760E299D7265001450F6 /* Debug */,
				2A78760F299D7265001450F6 /* Release */,
			);
			defaultConfigurationIsVisible = 0;
			defaultConfigurationName = Release;
		};
/* End XCConfigurationList section */

/* Begin XCRemoteSwiftPackageReference section */
		2AFA7A412A79280B0006BDDF /* XCRemoteSwiftPackageReference "swift-composable-architecture" */ = {
			isa = XCRemoteSwiftPackageReference;
			repositoryURL = "https://github.com/pointfreeco/swift-composable-architecture";
			requirement = {
				kind = upToNextMajorVersion;
				minimumVersion = 1.0.0;
			};
		};
/* End XCRemoteSwiftPackageReference section */

/* Begin XCSwiftPackageProductDependency section */
		2AFA7A422A79280B0006BDDF /* ComposableArchitecture */ = {
			isa = XCSwiftPackageProductDependency;
			package = 2AFA7A412A79280B0006BDDF /* XCRemoteSwiftPackageReference "swift-composable-architecture" */;
			productName = ComposableArchitecture;
		};
/* End XCSwiftPackageProductDependency section */
	};
	rootObject = 2A7875DA299D7264001450F6 /* Project object */;
}
